// !$*UTF8*$!
{
	archiveVersion = 1;
	classes = {
	};
	objectVersion = 46;
	objects = {

/* Begin PBXBuildFile section */
		3B6E99351D54378F0012BDF7 /* UIBarButtonItem+FR.m in Sources */ = {isa = PBXBuildFile; fileRef = 3B6E99341D54378F0012BDF7 /* UIBarButtonItem+FR.m */; };
		3B6E99451D54384B0012BDF7 /* FRNavigationController.m in Sources */ = {isa = PBXBuildFile; fileRef = 3B6E99381D54384B0012BDF7 /* FRNavigationController.m */; };
		3B6E99461D54384B0012BDF7 /* navigationbar_back@2x.png in Resources */ = {isa = PBXBuildFile; fileRef = 3B6E99391D54384B0012BDF7 /* navigationbar_back@2x.png */; };
		3B6E99471D54384B0012BDF7 /* UINavigationController+FDFullscreenPopGesture.m in Sources */ = {isa = PBXBuildFile; fileRef = 3B6E993B1D54384B0012BDF7 /* UINavigationController+FDFullscreenPopGesture.m */; };
		3B6E99481D54384B0012BDF7 /* FRBadge.m in Sources */ = {isa = PBXBuildFile; fileRef = 3B6E993E1D54384B0012BDF7 /* FRBadge.m */; };
		3B6E99491D54384B0012BDF7 /* FRTabBar.m in Sources */ = {isa = PBXBuildFile; fileRef = 3B6E99401D54384B0012BDF7 /* FRTabBar.m */; };
		3B6E994A1D54384B0012BDF7 /* FRTabBarController.m in Sources */ = {isa = PBXBuildFile; fileRef = 3B6E99421D54384B0012BDF7 /* FRTabBarController.m */; };
		3B6E994B1D54384B0012BDF7 /* FRTabBarItem.m in Sources */ = {isa = PBXBuildFile; fileRef = 3B6E99441D54384B0012BDF7 /* FRTabBarItem.m */; };
		3BFF4B891C99288800B4E4F7 /* main.m in Sources */ = {isa = PBXBuildFile; fileRef = 3BFF4B881C99288800B4E4F7 /* main.m */; };
		3BFF4B8C1C99288800B4E4F7 /* AppDelegate.m in Sources */ = {isa = PBXBuildFile; fileRef = 3BFF4B8B1C99288800B4E4F7 /* AppDelegate.m */; };
		3BFF4B8F1C99288800B4E4F7 /* ViewController.m in Sources */ = {isa = PBXBuildFile; fileRef = 3BFF4B8E1C99288800B4E4F7 /* ViewController.m */; };
		3BFF4B921C99288800B4E4F7 /* Main.storyboard in Resources */ = {isa = PBXBuildFile; fileRef = 3BFF4B901C99288800B4E4F7 /* Main.storyboard */; };
		3BFF4B941C99288800B4E4F7 /* Assets.xcassets in Resources */ = {isa = PBXBuildFile; fileRef = 3BFF4B931C99288800B4E4F7 /* Assets.xcassets */; };
		3BFF4B971C99288800B4E4F7 /* LaunchScreen.storyboard in Resources */ = {isa = PBXBuildFile; fileRef = 3BFF4B951C99288800B4E4F7 /* LaunchScreen.storyboard */; };
		3BFF4BA21C99288800B4E4F7 /* FRDemoTests.m in Sources */ = {isa = PBXBuildFile; fileRef = 3BFF4BA11C99288800B4E4F7 /* FRDemoTests.m */; };
		3BFF4BAD1C99288800B4E4F7 /* FRDemoUITests.m in Sources */ = {isa = PBXBuildFile; fileRef = 3BFF4BAC1C99288800B4E4F7 /* FRDemoUITests.m */; };
		3BFF4BD41C9928B500B4E4F7 /* error@2x.png in Resources */ = {isa = PBXBuildFile; fileRef = 3BFF4BBC1C9928B500B4E4F7 /* error@2x.png */; };
		3BFF4BD51C9928B500B4E4F7 /* MBProgressHUD+FR.m in Sources */ = {isa = PBXBuildFile; fileRef = 3BFF4BBE1C9928B500B4E4F7 /* MBProgressHUD+FR.m */; };
		3BFF4BD61C9928B500B4E4F7 /* success@2x.png in Resources */ = {isa = PBXBuildFile; fileRef = 3BFF4BBF1C9928B500B4E4F7 /* success@2x.png */; };
		3BFF4BD71C9928B500B4E4F7 /* NSDate+FR.m in Sources */ = {isa = PBXBuildFile; fileRef = 3BFF4BC11C9928B500B4E4F7 /* NSDate+FR.m */; };
		3BFF4BD81C9928B500B4E4F7 /* NSString+FR.m in Sources */ = {isa = PBXBuildFile; fileRef = 3BFF4BC31C9928B500B4E4F7 /* NSString+FR.m */; };
		3BFF4BD91C9928B500B4E4F7 /* UIImage+Extension.m in Sources */ = {isa = PBXBuildFile; fileRef = 3BFF4BC51C9928B500B4E4F7 /* UIImage+Extension.m */; };
		3BFF4BDD1C9928B500B4E4F7 /* FRFormData.m in Sources */ = {isa = PBXBuildFile; fileRef = 3BFF4BCF1C9928B500B4E4F7 /* FRFormData.m */; };
		3BFF4BDE1C9928B500B4E4F7 /* FRNetworking.m in Sources */ = {isa = PBXBuildFile; fileRef = 3BFF4BD11C9928B500B4E4F7 /* FRNetworking.m */; };
		764D060CFC5CAAAD77932A0A /* libPods.a in Frameworks */ = {isa = PBXBuildFile; fileRef = E4C5656C31442575FBAC0916 /* libPods.a */; };
/* End PBXBuildFile section */

/* Begin PBXContainerItemProxy section */
		3BFF4B9E1C99288800B4E4F7 /* PBXContainerItemProxy */ = {
			isa = PBXContainerItemProxy;
			containerPortal = 3BFF4B7C1C99288800B4E4F7 /* Project object */;
			proxyType = 1;
			remoteGlobalIDString = 3BFF4B831C99288800B4E4F7;
			remoteInfo = FRDemo;
		};
		3BFF4BA91C99288800B4E4F7 /* PBXContainerItemProxy */ = {
			isa = PBXContainerItemProxy;
			containerPortal = 3BFF4B7C1C99288800B4E4F7 /* Project object */;
			proxyType = 1;
			remoteGlobalIDString = 3BFF4B831C99288800B4E4F7;
			remoteInfo = FRDemo;
		};
/* End PBXContainerItemProxy section */

/* Begin PBXFileReference section */
		3B6E99331D54378F0012BDF7 /* UIBarButtonItem+FR.h */ = {isa = PBXFileReference; fileEncoding = 4; lastKnownFileType = sourcecode.c.h; path = "UIBarButtonItem+FR.h"; sourceTree = "<group>"; };
		3B6E99341D54378F0012BDF7 /* UIBarButtonItem+FR.m */ = {isa = PBXFileReference; fileEncoding = 4; lastKnownFileType = sourcecode.c.objc; path = "UIBarButtonItem+FR.m"; sourceTree = "<group>"; };
		3B6E99371D54384B0012BDF7 /* FRNavigationController.h */ = {isa = PBXFileReference; fileEncoding = 4; lastKnownFileType = sourcecode.c.h; path = FRNavigationController.h; sourceTree = "<group>"; };
		3B6E99381D54384B0012BDF7 /* FRNavigationController.m */ = {isa = PBXFileReference; fileEncoding = 4; lastKnownFileType = sourcecode.c.objc; path = FRNavigationController.m; sourceTree = "<group>"; };
		3B6E99391D54384B0012BDF7 /* navigationbar_back@2x.png */ = {isa = PBXFileReference; lastKnownFileType = image.png; path = "navigationbar_back@2x.png"; sourceTree = "<group>"; };
		3B6E993A1D54384B0012BDF7 /* UINavigationController+FDFullscreenPopGesture.h */ = {isa = PBXFileReference; fileEncoding = 4; lastKnownFileType = sourcecode.c.h; path = "UINavigationController+FDFullscreenPopGesture.h"; sourceTree = "<group>"; };
		3B6E993B1D54384B0012BDF7 /* UINavigationController+FDFullscreenPopGesture.m */ = {isa = PBXFileReference; fileEncoding = 4; lastKnownFileType = sourcecode.c.objc; path = "UINavigationController+FDFullscreenPopGesture.m"; sourceTree = "<group>"; };
		3B6E993D1D54384B0012BDF7 /* FRBadge.h */ = {isa = PBXFileReference; fileEncoding = 4; lastKnownFileType = sourcecode.c.h; path = FRBadge.h; sourceTree = "<group>"; };
		3B6E993E1D54384B0012BDF7 /* FRBadge.m */ = {isa = PBXFileReference; fileEncoding = 4; lastKnownFileType = sourcecode.c.objc; path = FRBadge.m; sourceTree = "<group>"; };
		3B6E993F1D54384B0012BDF7 /* FRTabBar.h */ = {isa = PBXFileReference; fileEncoding = 4; lastKnownFileType = sourcecode.c.h; path = FRTabBar.h; sourceTree = "<group>"; };
		3B6E99401D54384B0012BDF7 /* FRTabBar.m */ = {isa = PBXFileReference; fileEncoding = 4; lastKnownFileType = sourcecode.c.objc; path = FRTabBar.m; sourceTree = "<group>"; };
		3B6E99411D54384B0012BDF7 /* FRTabBarController.h */ = {isa = PBXFileReference; fileEncoding = 4; lastKnownFileType = sourcecode.c.h; path = FRTabBarController.h; sourceTree = "<group>"; };
		3B6E99421D54384B0012BDF7 /* FRTabBarController.m */ = {isa = PBXFileReference; fileEncoding = 4; lastKnownFileType = sourcecode.c.objc; path = FRTabBarController.m; sourceTree = "<group>"; };
		3B6E99431D54384B0012BDF7 /* FRTabBarItem.h */ = {isa = PBXFileReference; fileEncoding = 4; lastKnownFileType = sourcecode.c.h; path = FRTabBarItem.h; sourceTree = "<group>"; };
		3B6E99441D54384B0012BDF7 /* FRTabBarItem.m */ = {isa = PBXFileReference; fileEncoding = 4; lastKnownFileType = sourcecode.c.objc; path = FRTabBarItem.m; sourceTree = "<group>"; };
		3BFF4B841C99288800B4E4F7 /* FRDemo.app */ = {isa = PBXFileReference; explicitFileType = wrapper.application; includeInIndex = 0; path = FRDemo.app; sourceTree = BUILT_PRODUCTS_DIR; };
		3BFF4B881C99288800B4E4F7 /* main.m */ = {isa = PBXFileReference; lastKnownFileType = sourcecode.c.objc; path = main.m; sourceTree = "<group>"; };
		3BFF4B8A1C99288800B4E4F7 /* AppDelegate.h */ = {isa = PBXFileReference; lastKnownFileType = sourcecode.c.h; path = AppDelegate.h; sourceTree = "<group>"; };
		3BFF4B8B1C99288800B4E4F7 /* AppDelegate.m */ = {isa = PBXFileReference; lastKnownFileType = sourcecode.c.objc; path = AppDelegate.m; sourceTree = "<group>"; };
		3BFF4B8D1C99288800B4E4F7 /* ViewController.h */ = {isa = PBXFileReference; lastKnownFileType = sourcecode.c.h; path = ViewController.h; sourceTree = "<group>"; };
		3BFF4B8E1C99288800B4E4F7 /* ViewController.m */ = {isa = PBXFileReference; lastKnownFileType = sourcecode.c.objc; path = ViewController.m; sourceTree = "<group>"; };
		3BFF4B911C99288800B4E4F7 /* Base */ = {isa = PBXFileReference; lastKnownFileType = file.storyboard; name = Base; path = Base.lproj/Main.storyboard; sourceTree = "<group>"; };
		3BFF4B931C99288800B4E4F7 /* Assets.xcassets */ = {isa = PBXFileReference; lastKnownFileType = folder.assetcatalog; path = Assets.xcassets; sourceTree = "<group>"; };
		3BFF4B961C99288800B4E4F7 /* Base */ = {isa = PBXFileReference; lastKnownFileType = file.storyboard; name = Base; path = Base.lproj/LaunchScreen.storyboard; sourceTree = "<group>"; };
		3BFF4B981C99288800B4E4F7 /* Info.plist */ = {isa = PBXFileReference; lastKnownFileType = text.plist.xml; path = Info.plist; sourceTree = "<group>"; };
		3BFF4B9D1C99288800B4E4F7 /* FRDemoTests.xctest */ = {isa = PBXFileReference; explicitFileType = wrapper.cfbundle; includeInIndex = 0; path = FRDemoTests.xctest; sourceTree = BUILT_PRODUCTS_DIR; };
		3BFF4BA11C99288800B4E4F7 /* FRDemoTests.m */ = {isa = PBXFileReference; lastKnownFileType = sourcecode.c.objc; path = FRDemoTests.m; sourceTree = "<group>"; };
		3BFF4BA31C99288800B4E4F7 /* Info.plist */ = {isa = PBXFileReference; lastKnownFileType = text.plist.xml; path = Info.plist; sourceTree = "<group>"; };
		3BFF4BA81C99288800B4E4F7 /* FRDemoUITests.xctest */ = {isa = PBXFileReference; explicitFileType = wrapper.cfbundle; includeInIndex = 0; path = FRDemoUITests.xctest; sourceTree = BUILT_PRODUCTS_DIR; };
		3BFF4BAC1C99288800B4E4F7 /* FRDemoUITests.m */ = {isa = PBXFileReference; lastKnownFileType = sourcecode.c.objc; path = FRDemoUITests.m; sourceTree = "<group>"; };
		3BFF4BAE1C99288800B4E4F7 /* Info.plist */ = {isa = PBXFileReference; lastKnownFileType = text.plist.xml; path = Info.plist; sourceTree = "<group>"; };
		3BFF4BBC1C9928B500B4E4F7 /* error@2x.png */ = {isa = PBXFileReference; lastKnownFileType = image.png; path = "error@2x.png"; sourceTree = "<group>"; };
		3BFF4BBD1C9928B500B4E4F7 /* MBProgressHUD+FR.h */ = {isa = PBXFileReference; fileEncoding = 4; lastKnownFileType = sourcecode.c.h; path = "MBProgressHUD+FR.h"; sourceTree = "<group>"; };
		3BFF4BBE1C9928B500B4E4F7 /* MBProgressHUD+FR.m */ = {isa = PBXFileReference; fileEncoding = 4; lastKnownFileType = sourcecode.c.objc; path = "MBProgressHUD+FR.m"; sourceTree = "<group>"; };
		3BFF4BBF1C9928B500B4E4F7 /* success@2x.png */ = {isa = PBXFileReference; lastKnownFileType = image.png; path = "success@2x.png"; sourceTree = "<group>"; };
		3BFF4BC01C9928B500B4E4F7 /* NSDate+FR.h */ = {isa = PBXFileReference; fileEncoding = 4; lastKnownFileType = sourcecode.c.h; path = "NSDate+FR.h"; sourceTree = "<group>"; };
		3BFF4BC11C9928B500B4E4F7 /* NSDate+FR.m */ = {isa = PBXFileReference; fileEncoding = 4; lastKnownFileType = sourcecode.c.objc; path = "NSDate+FR.m"; sourceTree = "<group>"; };
		3BFF4BC21C9928B500B4E4F7 /* NSString+FR.h */ = {isa = PBXFileReference; fileEncoding = 4; lastKnownFileType = sourcecode.c.h; path = "NSString+FR.h"; sourceTree = "<group>"; };
		3BFF4BC31C9928B500B4E4F7 /* NSString+FR.m */ = {isa = PBXFileReference; fileEncoding = 4; lastKnownFileType = sourcecode.c.objc; path = "NSString+FR.m"; sourceTree = "<group>"; };
		3BFF4BC41C9928B500B4E4F7 /* UIImage+Extension.h */ = {isa = PBXFileReference; fileEncoding = 4; lastKnownFileType = sourcecode.c.h; path = "UIImage+Extension.h"; sourceTree = "<group>"; };
		3BFF4BC51C9928B500B4E4F7 /* UIImage+Extension.m */ = {isa = PBXFileReference; fileEncoding = 4; lastKnownFileType = sourcecode.c.objc; path = "UIImage+Extension.m"; sourceTree = "<group>"; };
		3BFF4BCE1C9928B500B4E4F7 /* FRFormData.h */ = {isa = PBXFileReference; fileEncoding = 4; lastKnownFileType = sourcecode.c.h; path = FRFormData.h; sourceTree = "<group>"; };
		3BFF4BCF1C9928B500B4E4F7 /* FRFormData.m */ = {isa = PBXFileReference; fileEncoding = 4; lastKnownFileType = sourcecode.c.objc; path = FRFormData.m; sourceTree = "<group>"; };
		3BFF4BD01C9928B500B4E4F7 /* FRNetworking.h */ = {isa = PBXFileReference; fileEncoding = 4; lastKnownFileType = sourcecode.c.h; path = FRNetworking.h; sourceTree = "<group>"; };
		3BFF4BD11C9928B500B4E4F7 /* FRNetworking.m */ = {isa = PBXFileReference; fileEncoding = 4; lastKnownFileType = sourcecode.c.objc; path = FRNetworking.m; sourceTree = "<group>"; };
		3BFF4BD21C9928B500B4E4F7 /* PrefixHeader.pch */ = {isa = PBXFileReference; fileEncoding = 4; lastKnownFileType = sourcecode.c.h; path = PrefixHeader.pch; sourceTree = "<group>"; };
		3BFF4BD31C9928B500B4E4F7 /* SettingMacro.h */ = {isa = PBXFileReference; fileEncoding = 4; lastKnownFileType = sourcecode.c.h; path = SettingMacro.h; sourceTree = "<group>"; };
		B4A98AD2CDDAC892FC4ED056 /* Pods.release.xcconfig */ = {isa = PBXFileReference; includeInIndex = 1; lastKnownFileType = text.xcconfig; name = Pods.release.xcconfig; path = "Pods/Target Support Files/Pods/Pods.release.xcconfig"; sourceTree = "<group>"; };
		E4C5656C31442575FBAC0916 /* libPods.a */ = {isa = PBXFileReference; explicitFileType = archive.ar; includeInIndex = 0; path = libPods.a; sourceTree = BUILT_PRODUCTS_DIR; };
		ECAAED778215F4FE019298AA /* Pods.debug.xcconfig */ = {isa = PBXFileReference; includeInIndex = 1; lastKnownFileType = text.xcconfig; name = Pods.debug.xcconfig; path = "Pods/Target Support Files/Pods/Pods.debug.xcconfig"; sourceTree = "<group>"; };
/* End PBXFileReference section */

/* Begin PBXFrameworksBuildPhase section */
		3BFF4B811C99288800B4E4F7 /* Frameworks */ = {
			isa = PBXFrameworksBuildPhase;
			buildActionMask = 2147483647;
			files = (
				764D060CFC5CAAAD77932A0A /* libPods.a in Frameworks */,
			);
			runOnlyForDeploymentPostprocessing = 0;
		};
		3BFF4B9A1C99288800B4E4F7 /* Frameworks */ = {
			isa = PBXFrameworksBuildPhase;
			buildActionMask = 2147483647;
			files = (
			);
			runOnlyForDeploymentPostprocessing = 0;
		};
		3BFF4BA51C99288800B4E4F7 /* Frameworks */ = {
			isa = PBXFrameworksBuildPhase;
			buildActionMask = 2147483647;
			files = (
			);
			runOnlyForDeploymentPostprocessing = 0;
		};
/* End PBXFrameworksBuildPhase section */

/* Begin PBXGroup section */
		0C7684B8D1AA53B05EEB1C64 /* Frameworks */ = {
			isa = PBXGroup;
			children = (
				E4C5656C31442575FBAC0916 /* libPods.a */,
			);
			name = Frameworks;
			sourceTree = "<group>";
		};
		3B6E99361D54384B0012BDF7 /* FRNavigationController */ = {
			isa = PBXGroup;
			children = (
				3B6E99371D54384B0012BDF7 /* FRNavigationController.h */,
				3B6E99381D54384B0012BDF7 /* FRNavigationController.m */,
				3B6E99391D54384B0012BDF7 /* navigationbar_back@2x.png */,
				3B6E993A1D54384B0012BDF7 /* UINavigationController+FDFullscreenPopGesture.h */,
				3B6E993B1D54384B0012BDF7 /* UINavigationController+FDFullscreenPopGesture.m */,
			);
			path = FRNavigationController;
			sourceTree = "<group>";
		};
		3B6E993C1D54384B0012BDF7 /* FRTabBarController */ = {
			isa = PBXGroup;
			children = (
				3B6E993D1D54384B0012BDF7 /* FRBadge.h */,
				3B6E993E1D54384B0012BDF7 /* FRBadge.m */,
				3B6E993F1D54384B0012BDF7 /* FRTabBar.h */,
				3B6E99401D54384B0012BDF7 /* FRTabBar.m */,
				3B6E99411D54384B0012BDF7 /* FRTabBarController.h */,
				3B6E99421D54384B0012BDF7 /* FRTabBarController.m */,
				3B6E99431D54384B0012BDF7 /* FRTabBarItem.h */,
				3B6E99441D54384B0012BDF7 /* FRTabBarItem.m */,
			);
			path = FRTabBarController;
			sourceTree = "<group>";
		};
		3BFF4B7B1C99288800B4E4F7 = {
			isa = PBXGroup;
			children = (
				3BFF4B861C99288800B4E4F7 /* FRDemo */,
				3BFF4BA01C99288800B4E4F7 /* FRDemoTests */,
				3BFF4BAB1C99288800B4E4F7 /* FRDemoUITests */,
				3BFF4B851C99288800B4E4F7 /* Products */,
				80B4DF04F82BC780854143FB /* Pods */,
				0C7684B8D1AA53B05EEB1C64 /* Frameworks */,
			);
			sourceTree = "<group>";
		};
		3BFF4B851C99288800B4E4F7 /* Products */ = {
			isa = PBXGroup;
			children = (
				3BFF4B841C99288800B4E4F7 /* FRDemo.app */,
				3BFF4B9D1C99288800B4E4F7 /* FRDemoTests.xctest */,
				3BFF4BA81C99288800B4E4F7 /* FRDemoUITests.xctest */,
			);
			name = Products;
			sourceTree = "<group>";
		};
		3BFF4B861C99288800B4E4F7 /* FRDemo */ = {
			isa = PBXGroup;
			children = (
				3BFF4BBA1C9928B500B4E4F7 /* Category */,
				3B6E99361D54384B0012BDF7 /* FRNavigationController */,
				3B6E993C1D54384B0012BDF7 /* FRTabBarController */,
				3BFF4BCD1C9928B500B4E4F7 /* FRNetworking */,
				3BFF4B8A1C99288800B4E4F7 /* AppDelegate.h */,
				3BFF4B8B1C99288800B4E4F7 /* AppDelegate.m */,
				3BFF4B8D1C99288800B4E4F7 /* ViewController.h */,
				3BFF4B8E1C99288800B4E4F7 /* ViewController.m */,
				3BFF4B901C99288800B4E4F7 /* Main.storyboard */,
				3BFF4B931C99288800B4E4F7 /* Assets.xcassets */,
				3BFF4BD21C9928B500B4E4F7 /* PrefixHeader.pch */,
				3BFF4BD31C9928B500B4E4F7 /* SettingMacro.h */,
				3BFF4B951C99288800B4E4F7 /* LaunchScreen.storyboard */,
				3BFF4B981C99288800B4E4F7 /* Info.plist */,
				3BFF4B871C99288800B4E4F7 /* Supporting Files */,
			);
			path = FRDemo;
			sourceTree = "<group>";
		};
		3BFF4B871C99288800B4E4F7 /* Supporting Files */ = {
			isa = PBXGroup;
			children = (
				3BFF4B881C99288800B4E4F7 /* main.m */,
			);
			name = "Supporting Files";
			sourceTree = "<group>";
		};
		3BFF4BA01C99288800B4E4F7 /* FRDemoTests */ = {
			isa = PBXGroup;
			children = (
				3BFF4BA11C99288800B4E4F7 /* FRDemoTests.m */,
				3BFF4BA31C99288800B4E4F7 /* Info.plist */,
			);
			path = FRDemoTests;
			sourceTree = "<group>";
		};
		3BFF4BAB1C99288800B4E4F7 /* FRDemoUITests */ = {
			isa = PBXGroup;
			children = (
				3BFF4BAC1C99288800B4E4F7 /* FRDemoUITests.m */,
				3BFF4BAE1C99288800B4E4F7 /* Info.plist */,
			);
			path = FRDemoUITests;
			sourceTree = "<group>";
		};
		3BFF4BBA1C9928B500B4E4F7 /* Category */ = {
			isa = PBXGroup;
			children = (
				3BFF4BBB1C9928B500B4E4F7 /* MBProgressHUD */,
				3B6E99331D54378F0012BDF7 /* UIBarButtonItem+FR.h */,
				3B6E99341D54378F0012BDF7 /* UIBarButtonItem+FR.m */,
				3BFF4BC01C9928B500B4E4F7 /* NSDate+FR.h */,
				3BFF4BC11C9928B500B4E4F7 /* NSDate+FR.m */,
				3BFF4BC21C9928B500B4E4F7 /* NSString+FR.h */,
				3BFF4BC31C9928B500B4E4F7 /* NSString+FR.m */,
				3BFF4BC41C9928B500B4E4F7 /* UIImage+Extension.h */,
				3BFF4BC51C9928B500B4E4F7 /* UIImage+Extension.m */,
			);
			path = Category;
			sourceTree = "<group>";
		};
		3BFF4BBB1C9928B500B4E4F7 /* MBProgressHUD */ = {
			isa = PBXGroup;
			children = (
				3BFF4BBC1C9928B500B4E4F7 /* error@2x.png */,
				3BFF4BBD1C9928B500B4E4F7 /* MBProgressHUD+FR.h */,
				3BFF4BBE1C9928B500B4E4F7 /* MBProgressHUD+FR.m */,
				3BFF4BBF1C9928B500B4E4F7 /* success@2x.png */,
			);
			path = MBProgressHUD;
			sourceTree = "<group>";
		};
		3BFF4BCD1C9928B500B4E4F7 /* FRNetworking */ = {
			isa = PBXGroup;
			children = (
				3BFF4BCE1C9928B500B4E4F7 /* FRFormData.h */,
				3BFF4BCF1C9928B500B4E4F7 /* FRFormData.m */,
				3BFF4BD01C9928B500B4E4F7 /* FRNetworking.h */,
				3BFF4BD11C9928B500B4E4F7 /* FRNetworking.m */,
			);
			path = FRNetworking;
			sourceTree = "<group>";
		};
		80B4DF04F82BC780854143FB /* Pods */ = {
			isa = PBXGroup;
			children = (
				ECAAED778215F4FE019298AA /* Pods.debug.xcconfig */,
				B4A98AD2CDDAC892FC4ED056 /* Pods.release.xcconfig */,
			);
			name = Pods;
			sourceTree = "<group>";
		};
/* End PBXGroup section */

/* Begin PBXNativeTarget section */
		3BFF4B831C99288800B4E4F7 /* FRDemo */ = {
			isa = PBXNativeTarget;
			buildConfigurationList = 3BFF4BB11C99288800B4E4F7 /* Build configuration list for PBXNativeTarget "FRDemo" */;
			buildPhases = (
				743CCC076222B7E9D32D03AC /* Check Pods Manifest.lock */,
				3BFF4B801C99288800B4E4F7 /* Sources */,
				3BFF4B811C99288800B4E4F7 /* Frameworks */,
				3BFF4B821C99288800B4E4F7 /* Resources */,
				6F7FF30FA1F2FE67E2EC092D /* Embed Pods Frameworks */,
				0DC9CFE5A4EC6C15172CEC01 /* Copy Pods Resources */,
			);
			buildRules = (
			);
			dependencies = (
			);
			name = FRDemo;
			productName = FRDemo;
			productReference = 3BFF4B841C99288800B4E4F7 /* FRDemo.app */;
			productType = "com.apple.product-type.application";
		};
		3BFF4B9C1C99288800B4E4F7 /* FRDemoTests */ = {
			isa = PBXNativeTarget;
			buildConfigurationList = 3BFF4BB41C99288800B4E4F7 /* Build configuration list for PBXNativeTarget "FRDemoTests" */;
			buildPhases = (
				3BFF4B991C99288800B4E4F7 /* Sources */,
				3BFF4B9A1C99288800B4E4F7 /* Frameworks */,
				3BFF4B9B1C99288800B4E4F7 /* Resources */,
			);
			buildRules = (
			);
			dependencies = (
				3BFF4B9F1C99288800B4E4F7 /* PBXTargetDependency */,
			);
			name = FRDemoTests;
			productName = FRDemoTests;
			productReference = 3BFF4B9D1C99288800B4E4F7 /* FRDemoTests.xctest */;
			productType = "com.apple.product-type.bundle.unit-test";
		};
		3BFF4BA71C99288800B4E4F7 /* FRDemoUITests */ = {
			isa = PBXNativeTarget;
			buildConfigurationList = 3BFF4BB71C99288800B4E4F7 /* Build configuration list for PBXNativeTarget "FRDemoUITests" */;
			buildPhases = (
				3BFF4BA41C99288800B4E4F7 /* Sources */,
				3BFF4BA51C99288800B4E4F7 /* Frameworks */,
				3BFF4BA61C99288800B4E4F7 /* Resources */,
			);
			buildRules = (
			);
			dependencies = (
				3BFF4BAA1C99288800B4E4F7 /* PBXTargetDependency */,
			);
			name = FRDemoUITests;
			productName = FRDemoUITests;
			productReference = 3BFF4BA81C99288800B4E4F7 /* FRDemoUITests.xctest */;
			productType = "com.apple.product-type.bundle.ui-testing";
		};
/* End PBXNativeTarget section */

/* Begin PBXProject section */
		3BFF4B7C1C99288800B4E4F7 /* Project object */ = {
			isa = PBXProject;
			attributes = {
				LastUpgradeCheck = 0720;
				ORGANIZATIONNAME = QuFanrong;
				TargetAttributes = {
					3BFF4B831C99288800B4E4F7 = {
						CreatedOnToolsVersion = 7.2.1;
					};
					3BFF4B9C1C99288800B4E4F7 = {
						CreatedOnToolsVersion = 7.2.1;
						TestTargetID = 3BFF4B831C99288800B4E4F7;
					};
					3BFF4BA71C99288800B4E4F7 = {
						CreatedOnToolsVersion = 7.2.1;
						TestTargetID = 3BFF4B831C99288800B4E4F7;
					};
				};
			};
			buildConfigurationList = 3BFF4B7F1C99288800B4E4F7 /* Build configuration list for PBXProject "FRDemo" */;
			compatibilityVersion = "Xcode 3.2";
			developmentRegion = English;
			hasScannedForEncodings = 0;
			knownRegions = (
				en,
				Base,
			);
			mainGroup = 3BFF4B7B1C99288800B4E4F7;
			productRefGroup = 3BFF4B851C99288800B4E4F7 /* Products */;
			projectDirPath = "";
			projectRoot = "";
			targets = (
				3BFF4B831C99288800B4E4F7 /* FRDemo */,
				3BFF4B9C1C99288800B4E4F7 /* FRDemoTests */,
				3BFF4BA71C99288800B4E4F7 /* FRDemoUITests */,
			);
		};
/* End PBXProject section */

/* Begin PBXResourcesBuildPhase section */
		3BFF4B821C99288800B4E4F7 /* Resources */ = {
			isa = PBXResourcesBuildPhase;
			buildActionMask = 2147483647;
			files = (
				3BFF4B971C99288800B4E4F7 /* LaunchScreen.storyboard in Resources */,
				3B6E99461D54384B0012BDF7 /* navigationbar_back@2x.png in Resources */,
				3BFF4B941C99288800B4E4F7 /* Assets.xcassets in Resources */,
				3BFF4BD61C9928B500B4E4F7 /* success@2x.png in Resources */,
				3BFF4B921C99288800B4E4F7 /* Main.storyboard in Resources */,
				3BFF4BD41C9928B500B4E4F7 /* error@2x.png in Resources */,
			);
			runOnlyForDeploymentPostprocessing = 0;
		};
		3BFF4B9B1C99288800B4E4F7 /* Resources */ = {
			isa = PBXResourcesBuildPhase;
			buildActionMask = 2147483647;
			files = (
			);
			runOnlyForDeploymentPostprocessing = 0;
		};
		3BFF4BA61C99288800B4E4F7 /* Resources */ = {
			isa = PBXResourcesBuildPhase;
			buildActionMask = 2147483647;
			files = (
			);
			runOnlyForDeploymentPostprocessing = 0;
		};
/* End PBXResourcesBuildPhase section */

/* Begin PBXShellScriptBuildPhase section */
		0DC9CFE5A4EC6C15172CEC01 /* Copy Pods Resources */ = {
			isa = PBXShellScriptBuildPhase;
			buildActionMask = 2147483647;
			files = (
			);
			inputPaths = (
			);
			name = "Copy Pods Resources";
			outputPaths = (
			);
			runOnlyForDeploymentPostprocessing = 0;
			shellPath = /bin/sh;
			shellScript = "\"${SRCROOT}/Pods/Target Support Files/Pods/Pods-resources.sh\"\n";
			showEnvVarsInLog = 0;
		};
		6F7FF30FA1F2FE67E2EC092D /* Embed Pods Frameworks */ = {
			isa = PBXShellScriptBuildPhase;
			buildActionMask = 2147483647;
			files = (
			);
			inputPaths = (
			);
			name = "Embed Pods Frameworks";
			outputPaths = (
			);
			runOnlyForDeploymentPostprocessing = 0;
			shellPath = /bin/sh;
			shellScript = "\"${SRCROOT}/Pods/Target Support Files/Pods/Pods-frameworks.sh\"\n";
			showEnvVarsInLog = 0;
		};
		743CCC076222B7E9D32D03AC /* Check Pods Manifest.lock */ = {
			isa = PBXShellScriptBuildPhase;
			buildActionMask = 2147483647;
			files = (
			);
			inputPaths = (
			);
			name = "Check Pods Manifest.lock";
			outputPaths = (
			);
			runOnlyForDeploymentPostprocessing = 0;
			shellPath = /bin/sh;
			shellScript = "diff \"${PODS_ROOT}/../Podfile.lock\" \"${PODS_ROOT}/Manifest.lock\" > /dev/null\nif [[ $? != 0 ]] ; then\n    cat << EOM\nerror: The sandbox is not in sync with the Podfile.lock. Run 'pod install' or update your CocoaPods installation.\nEOM\n    exit 1\nfi\n";
			showEnvVarsInLog = 0;
		};
/* End PBXShellScriptBuildPhase section */

/* Begin PBXSourcesBuildPhase section */
		3BFF4B801C99288800B4E4F7 /* Sources */ = {
			isa = PBXSourcesBuildPhase;
			buildActionMask = 2147483647;
			files = (
				3BFF4BDE1C9928B500B4E4F7 /* FRNetworking.m in Sources */,
				3BFF4B8F1C99288800B4E4F7 /* ViewController.m in Sources */,
				3BFF4BD91C9928B500B4E4F7 /* UIImage+Extension.m in Sources */,
				3BFF4BD81C9928B500B4E4F7 /* NSString+FR.m in Sources */,
				3BFF4BDD1C9928B500B4E4F7 /* FRFormData.m in Sources */,
				3BFF4BD51C9928B500B4E4F7 /* MBProgressHUD+FR.m in Sources */,
				3B6E994A1D54384B0012BDF7 /* FRTabBarController.m in Sources */,
				3B6E99471D54384B0012BDF7 /* UINavigationController+FDFullscreenPopGesture.m in Sources */,
				3BFF4B8C1C99288800B4E4F7 /* AppDelegate.m in Sources */,
				3B6E99481D54384B0012BDF7 /* FRBadge.m in Sources */,
				3BFF4BD71C9928B500B4E4F7 /* NSDate+FR.m in Sources */,
				3B6E99351D54378F0012BDF7 /* UIBarButtonItem+FR.m in Sources */,
				3B6E994B1D54384B0012BDF7 /* FRTabBarItem.m in Sources */,
				3B6E99491D54384B0012BDF7 /* FRTabBar.m in Sources */,
				3B6E99451D54384B0012BDF7 /* FRNavigationController.m in Sources */,
				3BFF4B891C99288800B4E4F7 /* main.m in Sources */,
			);
			runOnlyForDeploymentPostprocessing = 0;
		};
		3BFF4B991C99288800B4E4F7 /* Sources */ = {
			isa = PBXSourcesBuildPhase;
			buildActionMask = 2147483647;
			files = (
				3BFF4BA21C99288800B4E4F7 /* FRDemoTests.m in Sources */,
			);
			runOnlyForDeploymentPostprocessing = 0;
		};
		3BFF4BA41C99288800B4E4F7 /* Sources */ = {
			isa = PBXSourcesBuildPhase;
			buildActionMask = 2147483647;
			files = (
				3BFF4BAD1C99288800B4E4F7 /* FRDemoUITests.m in Sources */,
			);
			runOnlyForDeploymentPostprocessing = 0;
		};
/* End PBXSourcesBuildPhase section */

/* Begin PBXTargetDependency section */
		3BFF4B9F1C99288800B4E4F7 /* PBXTargetDependency */ = {
			isa = PBXTargetDependency;
			target = 3BFF4B831C99288800B4E4F7 /* FRDemo */;
			targetProxy = 3BFF4B9E1C99288800B4E4F7 /* PBXContainerItemProxy */;
		};
		3BFF4BAA1C99288800B4E4F7 /* PBXTargetDependency */ = {
			isa = PBXTargetDependency;
			target = 3BFF4B831C99288800B4E4F7 /* FRDemo */;
			targetProxy = 3BFF4BA91C99288800B4E4F7 /* PBXContainerItemProxy */;
		};
/* End PBXTargetDependency section */

/* Begin PBXVariantGroup section */
		3BFF4B901C99288800B4E4F7 /* Main.storyboard */ = {
			isa = PBXVariantGroup;
			children = (
				3BFF4B911C99288800B4E4F7 /* Base */,
			);
			name = Main.storyboard;
			sourceTree = "<group>";
		};
		3BFF4B951C99288800B4E4F7 /* LaunchScreen.storyboard */ = {
			isa = PBXVariantGroup;
			children = (
				3BFF4B961C99288800B4E4F7 /* Base */,
			);
			name = LaunchScreen.storyboard;
			sourceTree = "<group>";
		};
/* End PBXVariantGroup section */

/* Begin XCBuildConfiguration section */
		3BFF4BAF1C99288800B4E4F7 /* Debug */ = {
			isa = XCBuildConfiguration;
			buildSettings = {
				ALWAYS_SEARCH_USER_PATHS = NO;
				CLANG_CXX_LANGUAGE_STANDARD = "gnu++0x";
				CLANG_CXX_LIBRARY = "libc++";
				CLANG_ENABLE_MODULES = YES;
				CLANG_ENABLE_OBJC_ARC = YES;
				CLANG_WARN_BOOL_CONVERSION = YES;
				CLANG_WARN_CONSTANT_CONVERSION = YES;
				CLANG_WARN_DIRECT_OBJC_ISA_USAGE = YES_ERROR;
				CLANG_WARN_EMPTY_BODY = YES;
				CLANG_WARN_ENUM_CONVERSION = YES;
				CLANG_WARN_INT_CONVERSION = YES;
				CLANG_WARN_OBJC_ROOT_CLASS = YES_ERROR;
				CLANG_WARN_UNREACHABLE_CODE = YES;
				CLANG_WARN__DUPLICATE_METHOD_MATCH = YES;
				"CODE_SIGN_IDENTITY[sdk=iphoneos*]" = "iPhone Developer";
				COPY_PHASE_STRIP = NO;
				DEBUG_INFORMATION_FORMAT = dwarf;
				ENABLE_STRICT_OBJC_MSGSEND = YES;
				ENABLE_TESTABILITY = YES;
				GCC_C_LANGUAGE_STANDARD = gnu99;
				GCC_DYNAMIC_NO_PIC = NO;
				GCC_NO_COMMON_BLOCKS = YES;
				GCC_OPTIMIZATION_LEVEL = 0;
				GCC_PREPROCESSOR_DEFINITIONS = (
					"DEBUG=1",
					"$(inherited)",
				);
				GCC_WARN_64_TO_32_BIT_CONVERSION = YES;
				GCC_WARN_ABOUT_RETURN_TYPE = YES_ERROR;
				GCC_WARN_UNDECLARED_SELECTOR = YES;
				GCC_WARN_UNINITIALIZED_AUTOS = YES_AGGRESSIVE;
				GCC_WARN_UNUSED_FUNCTION = YES;
				GCC_WARN_UNUSED_VARIABLE = YES;
				IPHONEOS_DEPLOYMENT_TARGET = 9.2;
				MTL_ENABLE_DEBUG_INFO = YES;
				ONLY_ACTIVE_ARCH = YES;
				SDKROOT = iphoneos;
			};
			name = Debug;
		};
		3BFF4BB01C99288800B4E4F7 /* Release */ = {
			isa = XCBuildConfiguration;
			buildSettings = {
				ALWAYS_SEARCH_USER_PATHS = NO;
				CLANG_CXX_LANGUAGE_STANDARD = "gnu++0x";
				CLANG_CXX_LIBRARY = "libc++";
				CLANG_ENABLE_MODULES = YES;
				CLANG_ENABLE_OBJC_ARC = YES;
				CLANG_WARN_BOOL_CONVERSION = YES;
				CLANG_WARN_CONSTANT_CONVERSION = YES;
				CLANG_WARN_DIRECT_OBJC_ISA_USAGE = YES_ERROR;
				CLANG_WARN_EMPTY_BODY = YES;
				CLANG_WARN_ENUM_CONVERSION = YES;
				CLANG_WARN_INT_CONVERSION = YES;
				CLANG_WARN_OBJC_ROOT_CLASS = YES_ERROR;
				CLANG_WARN_UNREACHABLE_CODE = YES;
				CLANG_WARN__DUPLICATE_METHOD_MATCH = YES;
				"CODE_SIGN_IDENTITY[sdk=iphoneos*]" = "iPhone Developer";
				COPY_PHASE_STRIP = NO;
				DEBUG_INFORMATION_FORMAT = "dwarf-with-dsym";
				ENABLE_NS_ASSERTIONS = NO;
				ENABLE_STRICT_OBJC_MSGSEND = YES;
				GCC_C_LANGUAGE_STANDARD = gnu99;
				GCC_NO_COMMON_BLOCKS = YES;
				GCC_WARN_64_TO_32_BIT_CONVERSION = YES;
				GCC_WARN_ABOUT_RETURN_TYPE = YES_ERROR;
				GCC_WARN_UNDECLARED_SELECTOR = YES;
				GCC_WARN_UNINITIALIZED_AUTOS = YES_AGGRESSIVE;
				GCC_WARN_UNUSED_FUNCTION = YES;
				GCC_WARN_UNUSED_VARIABLE = YES;
				IPHONEOS_DEPLOYMENT_TARGET = 9.2;
				MTL_ENABLE_DEBUG_INFO = NO;
				SDKROOT = iphoneos;
				VALIDATE_PRODUCT = YES;
			};
			name = Release;
		};
		3BFF4BB21C99288800B4E4F7 /* Debug */ = {
			isa = XCBuildConfiguration;
			baseConfigurationReference = ECAAED778215F4FE019298AA /* Pods.debug.xcconfig */;
			buildSettings = {
				ASSETCATALOG_COMPILER_APPICON_NAME = AppIcon;
				GCC_PREFIX_HEADER = FRDemo/PrefixHeader.pch;
				INFOPLIST_FILE = FRDemo/Info.plist;
				IPHONEOS_DEPLOYMENT_TARGET = 7.0;
				LD_RUNPATH_SEARCH_PATHS = "$(inherited) @executable_path/Frameworks";
				PRODUCT_BUNDLE_IDENTIFIER = com.sgxt.www.FRDemo;
				PRODUCT_NAME = "$(TARGET_NAME)";
			};
			name = Debug;
		};
		3BFF4BB31C99288800B4E4F7 /* Release */ = {
			isa = XCBuildConfiguration;
			baseConfigurationReference = B4A98AD2CDDAC892FC4ED056 /* Pods.release.xcconfig */;
			buildSettings = {
				ASSETCATALOG_COMPILER_APPICON_NAME = AppIcon;
				GCC_PREFIX_HEADER = FRDemo/PrefixHeader.pch;
				INFOPLIST_FILE = FRDemo/Info.plist;
				IPHONEOS_DEPLOYMENT_TARGET = 7.0;
				LD_RUNPATH_SEARCH_PATHS = "$(inherited) @executable_path/Frameworks";
				PRODUCT_BUNDLE_IDENTIFIER = com.sgxt.www.FRDemo;
				PRODUCT_NAME = "$(TARGET_NAME)";
			};
			name = Release;
		};
		3BFF4BB51C99288800B4E4F7 /* Debug */ = {
			isa = XCBuildConfiguration;
			buildSettings = {
				BUNDLE_LOADER = "$(TEST_HOST)";
				INFOPLIST_FILE = FRDemoTests/Info.plist;
				LD_RUNPATH_SEARCH_PATHS = "$(inherited) @executable_path/Frameworks @loader_path/Frameworks";
				PRODUCT_BUNDLE_IDENTIFIER = com.sgxt.www.FRDemoTests;
				PRODUCT_NAME = "$(TARGET_NAME)";
				TEST_HOST = "$(BUILT_PRODUCTS_DIR)/FRDemo.app/FRDemo";
			};
			name = Debug;
		};
		3BFF4BB61C99288800B4E4F7 /* Release */ = {
			isa = XCBuildConfiguration;
			buildSettings = {
				BUNDLE_LOADER = "$(TEST_HOST)";
				INFOPLIST_FILE = FRDemoTests/Info.plist;
				LD_RUNPATH_SEARCH_PATHS = "$(inherited) @executable_path/Frameworks @loader_path/Frameworks";
				PRODUCT_BUNDLE_IDENTIFIER = com.sgxt.www.FRDemoTests;
				PRODUCT_NAME = "$(TARGET_NAME)";
				TEST_HOST = "$(BUILT_PRODUCTS_DIR)/FRDemo.app/FRDemo";
			};
			name = Release;
		};
		3BFF4BB81C99288800B4E4F7 /* Debug */ = {
			isa = XCBuildConfiguration;
			buildSettings = {
				INFOPLIST_FILE = FRDemoUITests/Info.plist;
				LD_RUNPATH_SEARCH_PATHS = "$(inherited) @executable_path/Frameworks @loader_path/Frameworks";
				PRODUCT_BUNDLE_IDENTIFIER = com.sgxt.www.FRDemoUITests;
				PRODUCT_NAME = "$(TARGET_NAME)";
				TEST_TARGET_NAME = FRDemo;
				USES_XCTRUNNER = YES;
			};
			name = Debug;
		};
		3BFF4BB91C99288800B4E4F7 /* Release */ = {
			isa = XCBuildConfiguration;
			buildSettings = {
				INFOPLIST_FILE = FRDemoUITests/Info.plist;
				LD_RUNPATH_SEARCH_PATHS = "$(inherited) @executable_path/Frameworks @loader_path/Frameworks";
				PRODUCT_BUNDLE_IDENTIFIER = com.sgxt.www.FRDemoUITests;
				PRODUCT_NAME = "$(TARGET_NAME)";
				TEST_TARGET_NAME = FRDemo;
				USES_XCTRUNNER = YES;
			};
			name = Release;
		};
/* End XCBuildConfiguration section */

/* Begin XCConfigurationList section */
		3BFF4B7F1C99288800B4E4F7 /* Build configuration list for PBXProject "FRDemo" */ = {
			isa = XCConfigurationList;
			buildConfigurations = (
				3BFF4BAF1C99288800B4E4F7 /* Debug */,
				3BFF4BB01C99288800B4E4F7 /* Release */,
			);
			defaultConfigurationIsVisible = 0;
			defaultConfigurationName = Release;
		};
		3BFF4BB11C99288800B4E4F7 /* Build configuration list for PBXNativeTarget "FRDemo" */ = {
			isa = XCConfigurationList;
			buildConfigurations = (
				3BFF4BB21C99288800B4E4F7 /* Debug */,
				3BFF4BB31C99288800B4E4F7 /* Release */,
			);
			defaultConfigurationIsVisible = 0;
			defaultConfigurationName = Release;
		};
		3BFF4BB41C99288800B4E4F7 /* Build configuration list for PBXNativeTarget "FRDemoTests" */ = {
			isa = XCConfigurationList;
			buildConfigurations = (
				3BFF4BB51C99288800B4E4F7 /* Debug */,
				3BFF4BB61C99288800B4E4F7 /* Release */,
			);
			defaultConfigurationIsVisible = 0;
			defaultConfigurationName = Release;
		};
		3BFF4BB71C99288800B4E4F7 /* Build configuration list for PBXNativeTarget "FRDemoUITests" */ = {
			isa = XCConfigurationList;
			buildConfigurations = (
				3BFF4BB81C99288800B4E4F7 /* Debug */,
				3BFF4BB91C99288800B4E4F7 /* Release */,
			);
			defaultConfigurationIsVisible = 0;
			defaultConfigurationName = Release;
		};
/* End XCConfigurationList section */
	};
	rootObject = 3BFF4B7C1C99288800B4E4F7 /* Project object */;
}
