// !$*UTF8*$!
{
	archiveVersion = 1;
	classes = {
	};
	objectVersion = 46;
	objects = {

/* Begin PBXBuildFile section */
		3B4211B61D5C8DE600CB263B /* SVProgressHUDViewController.m in Sources */ = {isa = PBXBuildFile; fileRef = 3B4211B51D5C8DE600CB263B /* SVProgressHUDViewController.m */; };
		3B4211B81D5C8DEC00CB263B /* SVProgressHUDViewController.xib in Resources */ = {isa = PBXBuildFile; fileRef = 3B4211B71D5C8DEC00CB263B /* SVProgressHUDViewController.xib */; };
		3B6E99451D54384B0012BDF7 /* FRNavigationController.m in Sources */ = {isa = PBXBuildFile; fileRef = 3B6E99381D54384B0012BDF7 /* FRNavigationController.m */; };
		3B6E99461D54384B0012BDF7 /* navigationbar_back@2x.png in Resources */ = {isa = PBXBuildFile; fileRef = 3B6E99391D54384B0012BDF7 /* navigationbar_back@2x.png */; };
		3B6E99471D54384B0012BDF7 /* UINavigationController+FDFullscreenPopGesture.m in Sources */ = {isa = PBXBuildFile; fileRef = 3B6E993B1D54384B0012BDF7 /* UINavigationController+FDFullscreenPopGesture.m */; };
		3B6E99481D54384B0012BDF7 /* FRBadge.m in Sources */ = {isa = PBXBuildFile; fileRef = 3B6E993E1D54384B0012BDF7 /* FRBadge.m */; };
		3B6E99491D54384B0012BDF7 /* FRTabBar.m in Sources */ = {isa = PBXBuildFile; fileRef = 3B6E99401D54384B0012BDF7 /* FRTabBar.m */; };
		3B6E994A1D54384B0012BDF7 /* FRTabBarController.m in Sources */ = {isa = PBXBuildFile; fileRef = 3B6E99421D54384B0012BDF7 /* FRTabBarController.m */; };
		3B6E994B1D54384B0012BDF7 /* FRTabBarItem.m in Sources */ = {isa = PBXBuildFile; fileRef = 3B6E99441D54384B0012BDF7 /* FRTabBarItem.m */; };
		3B7577B81D7FA34D00258599 /* AddressBookViewController.m in Sources */ = {isa = PBXBuildFile; fileRef = 3B7577B71D7FA34D00258599 /* AddressBookViewController.m */; };
		3B78C9331D5D9C11004B75A7 /* AppDelegate+Category.m in Sources */ = {isa = PBXBuildFile; fileRef = 3B78C90B1D5D9C10004B75A7 /* AppDelegate+Category.m */; };
		3B78C9341D5D9C11004B75A7 /* CALayer+Anim.m in Sources */ = {isa = PBXBuildFile; fileRef = 3B78C90D1D5D9C10004B75A7 /* CALayer+Anim.m */; };
		3B78C9351D5D9C11004B75A7 /* CALayer+Transition.m in Sources */ = {isa = PBXBuildFile; fileRef = 3B78C90F1D5D9C10004B75A7 /* CALayer+Transition.m */; };
		3B78C9361D5D9C11004B75A7 /* GTMBase64.m in Sources */ = {isa = PBXBuildFile; fileRef = 3B78C9121D5D9C10004B75A7 /* GTMBase64.m */; };
		3B78C93A1D5D9C11004B75A7 /* NSArray+Category.m in Sources */ = {isa = PBXBuildFile; fileRef = 3B78C91A1D5D9C10004B75A7 /* NSArray+Category.m */; };
		3B78C93B1D5D9C11004B75A7 /* NSAttributedString+Category.m in Sources */ = {isa = PBXBuildFile; fileRef = 3B78C91C1D5D9C10004B75A7 /* NSAttributedString+Category.m */; };
		3B78C93C1D5D9C11004B75A7 /* NSDate+Category.m in Sources */ = {isa = PBXBuildFile; fileRef = 3B78C91E1D5D9C10004B75A7 /* NSDate+Category.m */; };
		3B78C93D1D5D9C11004B75A7 /* NSObject+Category.m in Sources */ = {isa = PBXBuildFile; fileRef = 3B78C9201D5D9C10004B75A7 /* NSObject+Category.m */; };
		3B78C93E1D5D9C11004B75A7 /* NSString+Category.m in Sources */ = {isa = PBXBuildFile; fileRef = 3B78C9221D5D9C10004B75A7 /* NSString+Category.m */; };
		3B78C93F1D5D9C11004B75A7 /* NSString+Hash.m in Sources */ = {isa = PBXBuildFile; fileRef = 3B78C9241D5D9C10004B75A7 /* NSString+Hash.m */; };
		3B78C9401D5D9C11004B75A7 /* UIBarButtonItem+Category.m in Sources */ = {isa = PBXBuildFile; fileRef = 3B78C9261D5D9C10004B75A7 /* UIBarButtonItem+Category.m */; };
		3B78C9411D5D9C11004B75A7 /* UIColor+Category.m in Sources */ = {isa = PBXBuildFile; fileRef = 3B78C9281D5D9C10004B75A7 /* UIColor+Category.m */; };
		3B78C9421D5D9C11004B75A7 /* UIFont+Category.m in Sources */ = {isa = PBXBuildFile; fileRef = 3B78C92A1D5D9C10004B75A7 /* UIFont+Category.m */; };
		3B78C9431D5D9C11004B75A7 /* UIImage+Category.m in Sources */ = {isa = PBXBuildFile; fileRef = 3B78C92C1D5D9C10004B75A7 /* UIImage+Category.m */; };
		3B78C9441D5D9C11004B75A7 /* UIImage+FixOrientation.m in Sources */ = {isa = PBXBuildFile; fileRef = 3B78C92E1D5D9C11004B75A7 /* UIImage+FixOrientation.m */; };
		3B78C9451D5D9C11004B75A7 /* UIImage+Water.m in Sources */ = {isa = PBXBuildFile; fileRef = 3B78C9301D5D9C11004B75A7 /* UIImage+Water.m */; };
		3B78C9461D5D9C11004B75A7 /* UIView+Category.m in Sources */ = {isa = PBXBuildFile; fileRef = 3B78C9321D5D9C11004B75A7 /* UIView+Category.m */; };
		3BB4F1671D5C7F740066AE69 /* AllianceViewController.m in Sources */ = {isa = PBXBuildFile; fileRef = 3BB4F1611D5C7F740066AE69 /* AllianceViewController.m */; };
		3BB4F1681D5C7F740066AE69 /* SearchViewController.m in Sources */ = {isa = PBXBuildFile; fileRef = 3BB4F1631D5C7F740066AE69 /* SearchViewController.m */; };
		3BB4F1691D5C7F740066AE69 /* PositionBtn.m in Sources */ = {isa = PBXBuildFile; fileRef = 3BB4F1661D5C7F740066AE69 /* PositionBtn.m */; };
		3BB4F16C1D5C806D0066AE69 /* FRPlist.m in Sources */ = {isa = PBXBuildFile; fileRef = 3BB4F16B1D5C806D0066AE69 /* FRPlist.m */; };
		3BB4F16F1D5C81120066AE69 /* 搜索@2x.png in Resources */ = {isa = PBXBuildFile; fileRef = 3BB4F16D1D5C81120066AE69 /* 搜索@2x.png */; };
		3BB4F1701D5C81120066AE69 /* 下拉箭头@2x.png in Resources */ = {isa = PBXBuildFile; fileRef = 3BB4F16E1D5C81120066AE69 /* 下拉箭头@2x.png */; };
		3BBF0C021D6ED0DA001BDE8A /* MBProgressHUD+Category.m in Sources */ = {isa = PBXBuildFile; fileRef = 3BBF0BFE1D6ED0DA001BDE8A /* MBProgressHUD+Category.m */; };
		3BBF0C031D6ED0DA001BDE8A /* MBProgressHUD.bundle in Resources */ = {isa = PBXBuildFile; fileRef = 3BBF0BFF1D6ED0DA001BDE8A /* MBProgressHUD.bundle */; };
		3BBF0C041D6ED0DA001BDE8A /* MBProgressHUD.m in Sources */ = {isa = PBXBuildFile; fileRef = 3BBF0C011D6ED0DA001BDE8A /* MBProgressHUD.m */; };
		3BCA98E01D54AC210081F484 /* PersonalIconViewController.m in Sources */ = {isa = PBXBuildFile; fileRef = 3BCA98DD1D54AC210081F484 /* PersonalIconViewController.m */; };
		3BCA98E11D54AC210081F484 /* RootTableViewController.m in Sources */ = {isa = PBXBuildFile; fileRef = 3BCA98DF1D54AC210081F484 /* RootTableViewController.m */; };
		3BFF4B891C99288800B4E4F7 /* main.m in Sources */ = {isa = PBXBuildFile; fileRef = 3BFF4B881C99288800B4E4F7 /* main.m */; };
		3BFF4B8C1C99288800B4E4F7 /* AppDelegate.m in Sources */ = {isa = PBXBuildFile; fileRef = 3BFF4B8B1C99288800B4E4F7 /* AppDelegate.m */; };
		3BFF4B921C99288800B4E4F7 /* Main.storyboard in Resources */ = {isa = PBXBuildFile; fileRef = 3BFF4B901C99288800B4E4F7 /* Main.storyboard */; };
		3BFF4B941C99288800B4E4F7 /* Assets.xcassets in Resources */ = {isa = PBXBuildFile; fileRef = 3BFF4B931C99288800B4E4F7 /* Assets.xcassets */; };
		3BFF4B971C99288800B4E4F7 /* LaunchScreen.storyboard in Resources */ = {isa = PBXBuildFile; fileRef = 3BFF4B951C99288800B4E4F7 /* LaunchScreen.storyboard */; };
		3BFF4BA21C99288800B4E4F7 /* FRDemoTests.m in Sources */ = {isa = PBXBuildFile; fileRef = 3BFF4BA11C99288800B4E4F7 /* FRDemoTests.m */; };
		3BFF4BAD1C99288800B4E4F7 /* FRDemoUITests.m in Sources */ = {isa = PBXBuildFile; fileRef = 3BFF4BAC1C99288800B4E4F7 /* FRDemoUITests.m */; };
		3BFF4BDD1C9928B500B4E4F7 /* FRFormData.m in Sources */ = {isa = PBXBuildFile; fileRef = 3BFF4BCF1C9928B500B4E4F7 /* FRFormData.m */; };
		3BFF4BDE1C9928B500B4E4F7 /* FRNetworking.m in Sources */ = {isa = PBXBuildFile; fileRef = 3BFF4BD11C9928B500B4E4F7 /* FRNetworking.m */; };
		A2646B9FF70466DF810947CA /* Pods_FRDemo.framework in Frameworks */ = {isa = PBXBuildFile; fileRef = B85375AE1DB9A590CF7F2FB3 /* Pods_FRDemo.framework */; };
/* End PBXBuildFile section */

/* Begin PBXContainerItemProxy section */
		3BFF4B9E1C99288800B4E4F7 /* PBXContainerItemProxy */ = {
			isa = PBXContainerItemProxy;
			containerPortal = 3BFF4B7C1C99288800B4E4F7 /* Project object */;
			proxyType = 1;
			remoteGlobalIDString = 3BFF4B831C99288800B4E4F7;
			remoteInfo = FRDemo;
		};
		3BFF4BA91C99288800B4E4F7 /* PBXContainerItemProxy */ = {
			isa = PBXContainerItemProxy;
			containerPortal = 3BFF4B7C1C99288800B4E4F7 /* Project object */;
			proxyType = 1;
			remoteGlobalIDString = 3BFF4B831C99288800B4E4F7;
			remoteInfo = FRDemo;
		};
/* End PBXContainerItemProxy section */

/* Begin PBXFileReference section */
		39BA607DAD8FC23B432F4006 /* Pods-FRDemo.debug.xcconfig */ = {isa = PBXFileReference; includeInIndex = 1; lastKnownFileType = text.xcconfig; name = "Pods-FRDemo.debug.xcconfig"; path = "Pods/Target Support Files/Pods-FRDemo/Pods-FRDemo.debug.xcconfig"; sourceTree = "<group>"; };
		3B4211B41D5C8DE600CB263B /* SVProgressHUDViewController.h */ = {isa = PBXFileReference; fileEncoding = 4; lastKnownFileType = sourcecode.c.h; path = SVProgressHUDViewController.h; sourceTree = "<group>"; };
		3B4211B51D5C8DE600CB263B /* SVProgressHUDViewController.m */ = {isa = PBXFileReference; fileEncoding = 4; lastKnownFileType = sourcecode.c.objc; path = SVProgressHUDViewController.m; sourceTree = "<group>"; };
		3B4211B71D5C8DEC00CB263B /* SVProgressHUDViewController.xib */ = {isa = PBXFileReference; fileEncoding = 4; lastKnownFileType = file.xib; path = SVProgressHUDViewController.xib; sourceTree = "<group>"; };
		3B6E99371D54384B0012BDF7 /* FRNavigationController.h */ = {isa = PBXFileReference; fileEncoding = 4; lastKnownFileType = sourcecode.c.h; path = FRNavigationController.h; sourceTree = "<group>"; };
		3B6E99381D54384B0012BDF7 /* FRNavigationController.m */ = {isa = PBXFileReference; fileEncoding = 4; lastKnownFileType = sourcecode.c.objc; path = FRNavigationController.m; sourceTree = "<group>"; };
		3B6E99391D54384B0012BDF7 /* navigationbar_back@2x.png */ = {isa = PBXFileReference; lastKnownFileType = image.png; path = "navigationbar_back@2x.png"; sourceTree = "<group>"; };
		3B6E993A1D54384B0012BDF7 /* UINavigationController+FDFullscreenPopGesture.h */ = {isa = PBXFileReference; fileEncoding = 4; lastKnownFileType = sourcecode.c.h; path = "UINavigationController+FDFullscreenPopGesture.h"; sourceTree = "<group>"; };
		3B6E993B1D54384B0012BDF7 /* UINavigationController+FDFullscreenPopGesture.m */ = {isa = PBXFileReference; fileEncoding = 4; lastKnownFileType = sourcecode.c.objc; path = "UINavigationController+FDFullscreenPopGesture.m"; sourceTree = "<group>"; };
		3B6E993D1D54384B0012BDF7 /* FRBadge.h */ = {isa = PBXFileReference; fileEncoding = 4; lastKnownFileType = sourcecode.c.h; path = FRBadge.h; sourceTree = "<group>"; };
		3B6E993E1D54384B0012BDF7 /* FRBadge.m */ = {isa = PBXFileReference; fileEncoding = 4; lastKnownFileType = sourcecode.c.objc; path = FRBadge.m; sourceTree = "<group>"; };
		3B6E993F1D54384B0012BDF7 /* FRTabBar.h */ = {isa = PBXFileReference; fileEncoding = 4; lastKnownFileType = sourcecode.c.h; path = FRTabBar.h; sourceTree = "<group>"; };
		3B6E99401D54384B0012BDF7 /* FRTabBar.m */ = {isa = PBXFileReference; fileEncoding = 4; lastKnownFileType = sourcecode.c.objc; path = FRTabBar.m; sourceTree = "<group>"; };
		3B6E99411D54384B0012BDF7 /* FRTabBarController.h */ = {isa = PBXFileReference; fileEncoding = 4; lastKnownFileType = sourcecode.c.h; path = FRTabBarController.h; sourceTree = "<group>"; };
		3B6E99421D54384B0012BDF7 /* FRTabBarController.m */ = {isa = PBXFileReference; fileEncoding = 4; lastKnownFileType = sourcecode.c.objc; path = FRTabBarController.m; sourceTree = "<group>"; };
		3B6E99431D54384B0012BDF7 /* FRTabBarItem.h */ = {isa = PBXFileReference; fileEncoding = 4; lastKnownFileType = sourcecode.c.h; path = FRTabBarItem.h; sourceTree = "<group>"; };
		3B6E99441D54384B0012BDF7 /* FRTabBarItem.m */ = {isa = PBXFileReference; fileEncoding = 4; lastKnownFileType = sourcecode.c.objc; path = FRTabBarItem.m; sourceTree = "<group>"; };
		3B7577B61D7FA34D00258599 /* AddressBookViewController.h */ = {isa = PBXFileReference; fileEncoding = 4; lastKnownFileType = sourcecode.c.h; path = AddressBookViewController.h; sourceTree = "<group>"; };
		3B7577B71D7FA34D00258599 /* AddressBookViewController.m */ = {isa = PBXFileReference; fileEncoding = 4; lastKnownFileType = sourcecode.c.objc; path = AddressBookViewController.m; sourceTree = "<group>"; };
		3B78C90A1D5D9C10004B75A7 /* AppDelegate+Category.h */ = {isa = PBXFileReference; fileEncoding = 4; lastKnownFileType = sourcecode.c.h; path = "AppDelegate+Category.h"; sourceTree = "<group>"; };
		3B78C90B1D5D9C10004B75A7 /* AppDelegate+Category.m */ = {isa = PBXFileReference; fileEncoding = 4; lastKnownFileType = sourcecode.c.objc; path = "AppDelegate+Category.m"; sourceTree = "<group>"; };
		3B78C90C1D5D9C10004B75A7 /* CALayer+Anim.h */ = {isa = PBXFileReference; fileEncoding = 4; lastKnownFileType = sourcecode.c.h; path = "CALayer+Anim.h"; sourceTree = "<group>"; };
		3B78C90D1D5D9C10004B75A7 /* CALayer+Anim.m */ = {isa = PBXFileReference; fileEncoding = 4; lastKnownFileType = sourcecode.c.objc; path = "CALayer+Anim.m"; sourceTree = "<group>"; };
		3B78C90E1D5D9C10004B75A7 /* CALayer+Transition.h */ = {isa = PBXFileReference; fileEncoding = 4; lastKnownFileType = sourcecode.c.h; path = "CALayer+Transition.h"; sourceTree = "<group>"; };
		3B78C90F1D5D9C10004B75A7 /* CALayer+Transition.m */ = {isa = PBXFileReference; fileEncoding = 4; lastKnownFileType = sourcecode.c.objc; path = "CALayer+Transition.m"; sourceTree = "<group>"; };
		3B78C9111D5D9C10004B75A7 /* GTMBase64.h */ = {isa = PBXFileReference; fileEncoding = 4; lastKnownFileType = sourcecode.c.h; path = GTMBase64.h; sourceTree = "<group>"; };
		3B78C9121D5D9C10004B75A7 /* GTMBase64.m */ = {isa = PBXFileReference; fileEncoding = 4; lastKnownFileType = sourcecode.c.objc; path = GTMBase64.m; sourceTree = "<group>"; };
		3B78C9131D5D9C10004B75A7 /* GTMDefines.h */ = {isa = PBXFileReference; fileEncoding = 4; lastKnownFileType = sourcecode.c.h; path = GTMDefines.h; sourceTree = "<group>"; };
		3B78C9191D5D9C10004B75A7 /* NSArray+Category.h */ = {isa = PBXFileReference; fileEncoding = 4; lastKnownFileType = sourcecode.c.h; path = "NSArray+Category.h"; sourceTree = "<group>"; };
		3B78C91A1D5D9C10004B75A7 /* NSArray+Category.m */ = {isa = PBXFileReference; fileEncoding = 4; lastKnownFileType = sourcecode.c.objc; path = "NSArray+Category.m"; sourceTree = "<group>"; };
		3B78C91B1D5D9C10004B75A7 /* NSAttributedString+Category.h */ = {isa = PBXFileReference; fileEncoding = 4; lastKnownFileType = sourcecode.c.h; path = "NSAttributedString+Category.h"; sourceTree = "<group>"; };
		3B78C91C1D5D9C10004B75A7 /* NSAttributedString+Category.m */ = {isa = PBXFileReference; fileEncoding = 4; lastKnownFileType = sourcecode.c.objc; path = "NSAttributedString+Category.m"; sourceTree = "<group>"; };
		3B78C91D1D5D9C10004B75A7 /* NSDate+Category.h */ = {isa = PBXFileReference; fileEncoding = 4; lastKnownFileType = sourcecode.c.h; path = "NSDate+Category.h"; sourceTree = "<group>"; };
		3B78C91E1D5D9C10004B75A7 /* NSDate+Category.m */ = {isa = PBXFileReference; fileEncoding = 4; lastKnownFileType = sourcecode.c.objc; path = "NSDate+Category.m"; sourceTree = "<group>"; };
		3B78C91F1D5D9C10004B75A7 /* NSObject+Category.h */ = {isa = PBXFileReference; fileEncoding = 4; lastKnownFileType = sourcecode.c.h; path = "NSObject+Category.h"; sourceTree = "<group>"; };
		3B78C9201D5D9C10004B75A7 /* NSObject+Category.m */ = {isa = PBXFileReference; fileEncoding = 4; lastKnownFileType = sourcecode.c.objc; path = "NSObject+Category.m"; sourceTree = "<group>"; };
		3B78C9211D5D9C10004B75A7 /* NSString+Category.h */ = {isa = PBXFileReference; fileEncoding = 4; lastKnownFileType = sourcecode.c.h; path = "NSString+Category.h"; sourceTree = "<group>"; };
		3B78C9221D5D9C10004B75A7 /* NSString+Category.m */ = {isa = PBXFileReference; fileEncoding = 4; lastKnownFileType = sourcecode.c.objc; path = "NSString+Category.m"; sourceTree = "<group>"; };
		3B78C9231D5D9C10004B75A7 /* NSString+Hash.h */ = {isa = PBXFileReference; fileEncoding = 4; lastKnownFileType = sourcecode.c.h; path = "NSString+Hash.h"; sourceTree = "<group>"; };
		3B78C9241D5D9C10004B75A7 /* NSString+Hash.m */ = {isa = PBXFileReference; fileEncoding = 4; lastKnownFileType = sourcecode.c.objc; path = "NSString+Hash.m"; sourceTree = "<group>"; };
		3B78C9251D5D9C10004B75A7 /* UIBarButtonItem+Category.h */ = {isa = PBXFileReference; fileEncoding = 4; lastKnownFileType = sourcecode.c.h; path = "UIBarButtonItem+Category.h"; sourceTree = "<group>"; };
		3B78C9261D5D9C10004B75A7 /* UIBarButtonItem+Category.m */ = {isa = PBXFileReference; fileEncoding = 4; lastKnownFileType = sourcecode.c.objc; path = "UIBarButtonItem+Category.m"; sourceTree = "<group>"; };
		3B78C9271D5D9C10004B75A7 /* UIColor+Category.h */ = {isa = PBXFileReference; fileEncoding = 4; lastKnownFileType = sourcecode.c.h; path = "UIColor+Category.h"; sourceTree = "<group>"; };
		3B78C9281D5D9C10004B75A7 /* UIColor+Category.m */ = {isa = PBXFileReference; fileEncoding = 4; lastKnownFileType = sourcecode.c.objc; path = "UIColor+Category.m"; sourceTree = "<group>"; };
		3B78C9291D5D9C10004B75A7 /* UIFont+Category.h */ = {isa = PBXFileReference; fileEncoding = 4; lastKnownFileType = sourcecode.c.h; path = "UIFont+Category.h"; sourceTree = "<group>"; };
		3B78C92A1D5D9C10004B75A7 /* UIFont+Category.m */ = {isa = PBXFileReference; fileEncoding = 4; lastKnownFileType = sourcecode.c.objc; path = "UIFont+Category.m"; sourceTree = "<group>"; };
		3B78C92B1D5D9C10004B75A7 /* UIImage+Category.h */ = {isa = PBXFileReference; fileEncoding = 4; lastKnownFileType = sourcecode.c.h; path = "UIImage+Category.h"; sourceTree = "<group>"; };
		3B78C92C1D5D9C10004B75A7 /* UIImage+Category.m */ = {isa = PBXFileReference; fileEncoding = 4; lastKnownFileType = sourcecode.c.objc; path = "UIImage+Category.m"; sourceTree = "<group>"; };
		3B78C92D1D5D9C11004B75A7 /* UIImage+FixOrientation.h */ = {isa = PBXFileReference; fileEncoding = 4; lastKnownFileType = sourcecode.c.h; path = "UIImage+FixOrientation.h"; sourceTree = "<group>"; };
		3B78C92E1D5D9C11004B75A7 /* UIImage+FixOrientation.m */ = {isa = PBXFileReference; fileEncoding = 4; lastKnownFileType = sourcecode.c.objc; path = "UIImage+FixOrientation.m"; sourceTree = "<group>"; };
		3B78C92F1D5D9C11004B75A7 /* UIImage+Water.h */ = {isa = PBXFileReference; fileEncoding = 4; lastKnownFileType = sourcecode.c.h; path = "UIImage+Water.h"; sourceTree = "<group>"; };
		3B78C9301D5D9C11004B75A7 /* UIImage+Water.m */ = {isa = PBXFileReference; fileEncoding = 4; lastKnownFileType = sourcecode.c.objc; path = "UIImage+Water.m"; sourceTree = "<group>"; };
		3B78C9311D5D9C11004B75A7 /* UIView+Category.h */ = {isa = PBXFileReference; fileEncoding = 4; lastKnownFileType = sourcecode.c.h; path = "UIView+Category.h"; sourceTree = "<group>"; };
		3B78C9321D5D9C11004B75A7 /* UIView+Category.m */ = {isa = PBXFileReference; fileEncoding = 4; lastKnownFileType = sourcecode.c.objc; path = "UIView+Category.m"; sourceTree = "<group>"; };
		3BB4F1601D5C7F740066AE69 /* AllianceViewController.h */ = {isa = PBXFileReference; fileEncoding = 4; lastKnownFileType = sourcecode.c.h; path = AllianceViewController.h; sourceTree = "<group>"; };
		3BB4F1611D5C7F740066AE69 /* AllianceViewController.m */ = {isa = PBXFileReference; fileEncoding = 4; lastKnownFileType = sourcecode.c.objc; path = AllianceViewController.m; sourceTree = "<group>"; };
		3BB4F1621D5C7F740066AE69 /* SearchViewController.h */ = {isa = PBXFileReference; fileEncoding = 4; lastKnownFileType = sourcecode.c.h; path = SearchViewController.h; sourceTree = "<group>"; };
		3BB4F1631D5C7F740066AE69 /* SearchViewController.m */ = {isa = PBXFileReference; fileEncoding = 4; lastKnownFileType = sourcecode.c.objc; path = SearchViewController.m; sourceTree = "<group>"; };
		3BB4F1651D5C7F740066AE69 /* PositionBtn.h */ = {isa = PBXFileReference; fileEncoding = 4; lastKnownFileType = sourcecode.c.h; path = PositionBtn.h; sourceTree = "<group>"; };
		3BB4F1661D5C7F740066AE69 /* PositionBtn.m */ = {isa = PBXFileReference; fileEncoding = 4; lastKnownFileType = sourcecode.c.objc; path = PositionBtn.m; sourceTree = "<group>"; };
		3BB4F16A1D5C806D0066AE69 /* FRPlist.h */ = {isa = PBXFileReference; fileEncoding = 4; lastKnownFileType = sourcecode.c.h; path = FRPlist.h; sourceTree = "<group>"; };
		3BB4F16B1D5C806D0066AE69 /* FRPlist.m */ = {isa = PBXFileReference; fileEncoding = 4; lastKnownFileType = sourcecode.c.objc; path = FRPlist.m; sourceTree = "<group>"; };
		3BB4F16D1D5C81120066AE69 /* 搜索@2x.png */ = {isa = PBXFileReference; lastKnownFileType = image.png; path = "搜索@2x.png"; sourceTree = "<group>"; };
		3BB4F16E1D5C81120066AE69 /* 下拉箭头@2x.png */ = {isa = PBXFileReference; lastKnownFileType = image.png; path = "下拉箭头@2x.png"; sourceTree = "<group>"; };
		3BBF0BFD1D6ED0DA001BDE8A /* MBProgressHUD+Category.h */ = {isa = PBXFileReference; fileEncoding = 4; lastKnownFileType = sourcecode.c.h; path = "MBProgressHUD+Category.h"; sourceTree = "<group>"; };
		3BBF0BFE1D6ED0DA001BDE8A /* MBProgressHUD+Category.m */ = {isa = PBXFileReference; fileEncoding = 4; lastKnownFileType = sourcecode.c.objc; path = "MBProgressHUD+Category.m"; sourceTree = "<group>"; };
		3BBF0BFF1D6ED0DA001BDE8A /* MBProgressHUD.bundle */ = {isa = PBXFileReference; lastKnownFileType = "wrapper.plug-in"; path = MBProgressHUD.bundle; sourceTree = "<group>"; };
		3BBF0C001D6ED0DA001BDE8A /* MBProgressHUD.h */ = {isa = PBXFileReference; fileEncoding = 4; lastKnownFileType = sourcecode.c.h; path = MBProgressHUD.h; sourceTree = "<group>"; };
		3BBF0C011D6ED0DA001BDE8A /* MBProgressHUD.m */ = {isa = PBXFileReference; fileEncoding = 4; lastKnownFileType = sourcecode.c.objc; path = MBProgressHUD.m; sourceTree = "<group>"; };
		3BCA98DC1D54AC210081F484 /* PersonalIconViewController.h */ = {isa = PBXFileReference; fileEncoding = 4; lastKnownFileType = sourcecode.c.h; path = PersonalIconViewController.h; sourceTree = "<group>"; };
		3BCA98DD1D54AC210081F484 /* PersonalIconViewController.m */ = {isa = PBXFileReference; fileEncoding = 4; lastKnownFileType = sourcecode.c.objc; path = PersonalIconViewController.m; sourceTree = "<group>"; };
		3BCA98DE1D54AC210081F484 /* RootTableViewController.h */ = {isa = PBXFileReference; fileEncoding = 4; lastKnownFileType = sourcecode.c.h; path = RootTableViewController.h; sourceTree = "<group>"; };
		3BCA98DF1D54AC210081F484 /* RootTableViewController.m */ = {isa = PBXFileReference; fileEncoding = 4; lastKnownFileType = sourcecode.c.objc; path = RootTableViewController.m; sourceTree = "<group>"; };
		3BFF4B841C99288800B4E4F7 /* FRDemo.app */ = {isa = PBXFileReference; explicitFileType = wrapper.application; includeInIndex = 0; path = FRDemo.app; sourceTree = BUILT_PRODUCTS_DIR; };
		3BFF4B881C99288800B4E4F7 /* main.m */ = {isa = PBXFileReference; lastKnownFileType = sourcecode.c.objc; path = main.m; sourceTree = "<group>"; };
		3BFF4B8A1C99288800B4E4F7 /* AppDelegate.h */ = {isa = PBXFileReference; lastKnownFileType = sourcecode.c.h; path = AppDelegate.h; sourceTree = "<group>"; };
		3BFF4B8B1C99288800B4E4F7 /* AppDelegate.m */ = {isa = PBXFileReference; lastKnownFileType = sourcecode.c.objc; path = AppDelegate.m; sourceTree = "<group>"; };
		3BFF4B911C99288800B4E4F7 /* Base */ = {isa = PBXFileReference; lastKnownFileType = file.storyboard; name = Base; path = Base.lproj/Main.storyboard; sourceTree = "<group>"; };
		3BFF4B931C99288800B4E4F7 /* Assets.xcassets */ = {isa = PBXFileReference; lastKnownFileType = folder.assetcatalog; path = Assets.xcassets; sourceTree = "<group>"; };
		3BFF4B961C99288800B4E4F7 /* Base */ = {isa = PBXFileReference; lastKnownFileType = file.storyboard; name = Base; path = Base.lproj/LaunchScreen.storyboard; sourceTree = "<group>"; };
		3BFF4B981C99288800B4E4F7 /* Info.plist */ = {isa = PBXFileReference; lastKnownFileType = text.plist.xml; path = Info.plist; sourceTree = "<group>"; };
		3BFF4B9D1C99288800B4E4F7 /* FRDemoTests.xctest */ = {isa = PBXFileReference; explicitFileType = wrapper.cfbundle; includeInIndex = 0; path = FRDemoTests.xctest; sourceTree = BUILT_PRODUCTS_DIR; };
		3BFF4BA11C99288800B4E4F7 /* FRDemoTests.m */ = {isa = PBXFileReference; lastKnownFileType = sourcecode.c.objc; path = FRDemoTests.m; sourceTree = "<group>"; };
		3BFF4BA31C99288800B4E4F7 /* Info.plist */ = {isa = PBXFileReference; lastKnownFileType = text.plist.xml; path = Info.plist; sourceTree = "<group>"; };
		3BFF4BA81C99288800B4E4F7 /* FRDemoUITests.xctest */ = {isa = PBXFileReference; explicitFileType = wrapper.cfbundle; includeInIndex = 0; path = FRDemoUITests.xctest; sourceTree = BUILT_PRODUCTS_DIR; };
		3BFF4BAC1C99288800B4E4F7 /* FRDemoUITests.m */ = {isa = PBXFileReference; lastKnownFileType = sourcecode.c.objc; path = FRDemoUITests.m; sourceTree = "<group>"; };
		3BFF4BAE1C99288800B4E4F7 /* Info.plist */ = {isa = PBXFileReference; lastKnownFileType = text.plist.xml; path = Info.plist; sourceTree = "<group>"; };
		3BFF4BCE1C9928B500B4E4F7 /* FRFormData.h */ = {isa = PBXFileReference; fileEncoding = 4; lastKnownFileType = sourcecode.c.h; path = FRFormData.h; sourceTree = "<group>"; };
		3BFF4BCF1C9928B500B4E4F7 /* FRFormData.m */ = {isa = PBXFileReference; fileEncoding = 4; lastKnownFileType = sourcecode.c.objc; path = FRFormData.m; sourceTree = "<group>"; };
		3BFF4BD01C9928B500B4E4F7 /* FRNetworking.h */ = {isa = PBXFileReference; fileEncoding = 4; lastKnownFileType = sourcecode.c.h; path = FRNetworking.h; sourceTree = "<group>"; };
		3BFF4BD11C9928B500B4E4F7 /* FRNetworking.m */ = {isa = PBXFileReference; fileEncoding = 4; lastKnownFileType = sourcecode.c.objc; path = FRNetworking.m; sourceTree = "<group>"; };
		3BFF4BD21C9928B500B4E4F7 /* PrefixHeader.pch */ = {isa = PBXFileReference; fileEncoding = 4; lastKnownFileType = sourcecode.c.h; path = PrefixHeader.pch; sourceTree = "<group>"; };
		3BFF4BD31C9928B500B4E4F7 /* SettingMacro.h */ = {isa = PBXFileReference; fileEncoding = 4; lastKnownFileType = sourcecode.c.h; path = SettingMacro.h; sourceTree = "<group>"; };
		4E8E1388BFE8A5C8736B9A45 /* Pods-FRDemo.release.xcconfig */ = {isa = PBXFileReference; includeInIndex = 1; lastKnownFileType = text.xcconfig; name = "Pods-FRDemo.release.xcconfig"; path = "Pods/Target Support Files/Pods-FRDemo/Pods-FRDemo.release.xcconfig"; sourceTree = "<group>"; };
		B85375AE1DB9A590CF7F2FB3 /* Pods_FRDemo.framework */ = {isa = PBXFileReference; explicitFileType = wrapper.framework; includeInIndex = 0; path = Pods_FRDemo.framework; sourceTree = BUILT_PRODUCTS_DIR; };
/* End PBXFileReference section */

/* Begin PBXFrameworksBuildPhase section */
		3BFF4B811C99288800B4E4F7 /* Frameworks */ = {
			isa = PBXFrameworksBuildPhase;
			buildActionMask = 2147483647;
			files = (
				A2646B9FF70466DF810947CA /* Pods_FRDemo.framework in Frameworks */,
			);
			runOnlyForDeploymentPostprocessing = 0;
		};
		3BFF4B9A1C99288800B4E4F7 /* Frameworks */ = {
			isa = PBXFrameworksBuildPhase;
			buildActionMask = 2147483647;
			files = (
			);
			runOnlyForDeploymentPostprocessing = 0;
		};
		3BFF4BA51C99288800B4E4F7 /* Frameworks */ = {
			isa = PBXFrameworksBuildPhase;
			buildActionMask = 2147483647;
			files = (
			);
			runOnlyForDeploymentPostprocessing = 0;
		};
/* End PBXFrameworksBuildPhase section */

/* Begin PBXGroup section */
		3B6E99361D54384B0012BDF7 /* FRNavigationController */ = {
			isa = PBXGroup;
			children = (
				3B6E99371D54384B0012BDF7 /* FRNavigationController.h */,
				3B6E99381D54384B0012BDF7 /* FRNavigationController.m */,
				3B6E99391D54384B0012BDF7 /* navigationbar_back@2x.png */,
				3B6E993A1D54384B0012BDF7 /* UINavigationController+FDFullscreenPopGesture.h */,
				3B6E993B1D54384B0012BDF7 /* UINavigationController+FDFullscreenPopGesture.m */,
			);
			path = FRNavigationController;
			sourceTree = "<group>";
		};
		3B6E993C1D54384B0012BDF7 /* FRTabBarController */ = {
			isa = PBXGroup;
			children = (
				3B6E993D1D54384B0012BDF7 /* FRBadge.h */,
				3B6E993E1D54384B0012BDF7 /* FRBadge.m */,
				3B6E993F1D54384B0012BDF7 /* FRTabBar.h */,
				3B6E99401D54384B0012BDF7 /* FRTabBar.m */,
				3B6E99411D54384B0012BDF7 /* FRTabBarController.h */,
				3B6E99421D54384B0012BDF7 /* FRTabBarController.m */,
				3B6E99431D54384B0012BDF7 /* FRTabBarItem.h */,
				3B6E99441D54384B0012BDF7 /* FRTabBarItem.m */,
			);
			path = FRTabBarController;
			sourceTree = "<group>";
		};
		3B7577B51D7FA32C00258599 /* AddressBook */ = {
			isa = PBXGroup;
			children = (
				3B7577B61D7FA34D00258599 /* AddressBookViewController.h */,
				3B7577B71D7FA34D00258599 /* AddressBookViewController.m */,
			);
			path = AddressBook;
			sourceTree = "<group>";
		};
		3B78C9091D5D9C10004B75A7 /* FRCategory */ = {
			isa = PBXGroup;
			children = (
				3B78C90A1D5D9C10004B75A7 /* AppDelegate+Category.h */,
				3B78C90B1D5D9C10004B75A7 /* AppDelegate+Category.m */,
				3B78C90C1D5D9C10004B75A7 /* CALayer+Anim.h */,
				3B78C90D1D5D9C10004B75A7 /* CALayer+Anim.m */,
				3B78C90E1D5D9C10004B75A7 /* CALayer+Transition.h */,
				3B78C90F1D5D9C10004B75A7 /* CALayer+Transition.m */,
				3B78C9101D5D9C10004B75A7 /* GTMBase64 */,
				3B78C9191D5D9C10004B75A7 /* NSArray+Category.h */,
				3B78C91A1D5D9C10004B75A7 /* NSArray+Category.m */,
				3BBF0BFC1D6ED0DA001BDE8A /* MBProgressHUD */,
				3B78C91B1D5D9C10004B75A7 /* NSAttributedString+Category.h */,
				3B78C91C1D5D9C10004B75A7 /* NSAttributedString+Category.m */,
				3B78C91D1D5D9C10004B75A7 /* NSDate+Category.h */,
				3B78C91E1D5D9C10004B75A7 /* NSDate+Category.m */,
				3B78C91F1D5D9C10004B75A7 /* NSObject+Category.h */,
				3B78C9201D5D9C10004B75A7 /* NSObject+Category.m */,
				3B78C9211D5D9C10004B75A7 /* NSString+Category.h */,
				3B78C9221D5D9C10004B75A7 /* NSString+Category.m */,
				3B78C9231D5D9C10004B75A7 /* NSString+Hash.h */,
				3B78C9241D5D9C10004B75A7 /* NSString+Hash.m */,
				3B78C9251D5D9C10004B75A7 /* UIBarButtonItem+Category.h */,
				3B78C9261D5D9C10004B75A7 /* UIBarButtonItem+Category.m */,
				3B78C9271D5D9C10004B75A7 /* UIColor+Category.h */,
				3B78C9281D5D9C10004B75A7 /* UIColor+Category.m */,
				3B78C9291D5D9C10004B75A7 /* UIFont+Category.h */,
				3B78C92A1D5D9C10004B75A7 /* UIFont+Category.m */,
				3B78C92B1D5D9C10004B75A7 /* UIImage+Category.h */,
				3B78C92C1D5D9C10004B75A7 /* UIImage+Category.m */,
				3B78C92D1D5D9C11004B75A7 /* UIImage+FixOrientation.h */,
				3B78C92E1D5D9C11004B75A7 /* UIImage+FixOrientation.m */,
				3B78C92F1D5D9C11004B75A7 /* UIImage+Water.h */,
				3B78C9301D5D9C11004B75A7 /* UIImage+Water.m */,
				3B78C9311D5D9C11004B75A7 /* UIView+Category.h */,
				3B78C9321D5D9C11004B75A7 /* UIView+Category.m */,
			);
			path = FRCategory;
			sourceTree = "<group>";
		};
		3B78C9101D5D9C10004B75A7 /* GTMBase64 */ = {
			isa = PBXGroup;
			children = (
				3B78C9111D5D9C10004B75A7 /* GTMBase64.h */,
				3B78C9121D5D9C10004B75A7 /* GTMBase64.m */,
				3B78C9131D5D9C10004B75A7 /* GTMDefines.h */,
			);
			path = GTMBase64;
			sourceTree = "<group>";
		};
		3BB4F15E1D5C7F480066AE69 /* SearchView(搜索) */ = {
			isa = PBXGroup;
			children = (
				3BB4F15F1D5C7F740066AE69 /* Controller */,
				3BB4F1641D5C7F740066AE69 /* View */,
			);
			path = "SearchView(搜索)";
			sourceTree = "<group>";
		};
		3BB4F15F1D5C7F740066AE69 /* Controller */ = {
			isa = PBXGroup;
			children = (
				3BB4F16D1D5C81120066AE69 /* 搜索@2x.png */,
				3BB4F16E1D5C81120066AE69 /* 下拉箭头@2x.png */,
				3BB4F1601D5C7F740066AE69 /* AllianceViewController.h */,
				3BB4F1611D5C7F740066AE69 /* AllianceViewController.m */,
				3BB4F1621D5C7F740066AE69 /* SearchViewController.h */,
				3BB4F1631D5C7F740066AE69 /* SearchViewController.m */,
				3BB4F16A1D5C806D0066AE69 /* FRPlist.h */,
				3BB4F16B1D5C806D0066AE69 /* FRPlist.m */,
			);
			path = Controller;
			sourceTree = "<group>";
		};
		3BB4F1641D5C7F740066AE69 /* View */ = {
			isa = PBXGroup;
			children = (
				3BB4F1651D5C7F740066AE69 /* PositionBtn.h */,
				3BB4F1661D5C7F740066AE69 /* PositionBtn.m */,
			);
			path = View;
			sourceTree = "<group>";
		};
		3BB4F1711D5C8D510066AE69 /* SVProgressHUD */ = {
			isa = PBXGroup;
			children = (
				3B4211B71D5C8DEC00CB263B /* SVProgressHUDViewController.xib */,
				3B4211B41D5C8DE600CB263B /* SVProgressHUDViewController.h */,
				3B4211B51D5C8DE600CB263B /* SVProgressHUDViewController.m */,
			);
			path = SVProgressHUD;
			sourceTree = "<group>";
		};
		3BBF0BFC1D6ED0DA001BDE8A /* MBProgressHUD */ = {
			isa = PBXGroup;
			children = (
				3BBF0BFD1D6ED0DA001BDE8A /* MBProgressHUD+Category.h */,
				3BBF0BFE1D6ED0DA001BDE8A /* MBProgressHUD+Category.m */,
				3BBF0BFF1D6ED0DA001BDE8A /* MBProgressHUD.bundle */,
				3BBF0C001D6ED0DA001BDE8A /* MBProgressHUD.h */,
				3BBF0C011D6ED0DA001BDE8A /* MBProgressHUD.m */,
			);
			path = MBProgressHUD;
			sourceTree = "<group>";
		};
		3BCA98DA1D54AC210081F484 /* Class */ = {
			isa = PBXGroup;
			children = (
				3BB4F1711D5C8D510066AE69 /* SVProgressHUD */,
				3BB4F15E1D5C7F480066AE69 /* SearchView(搜索) */,
				3BCA98DB1D54AC210081F484 /* PostImage(上传头像) */,
				3B7577B51D7FA32C00258599 /* AddressBook */,
				3BCA98DE1D54AC210081F484 /* RootTableViewController.h */,
				3BCA98DF1D54AC210081F484 /* RootTableViewController.m */,
			);
			path = Class;
			sourceTree = "<group>";
		};
		3BCA98DB1D54AC210081F484 /* PostImage(上传头像) */ = {
			isa = PBXGroup;
			children = (
				3BCA98DC1D54AC210081F484 /* PersonalIconViewController.h */,
				3BCA98DD1D54AC210081F484 /* PersonalIconViewController.m */,
			);
			path = "PostImage(上传头像)";
			sourceTree = "<group>";
		};
		3BFF4B7B1C99288800B4E4F7 = {
			isa = PBXGroup;
			children = (
				3BFF4B861C99288800B4E4F7 /* FRDemo */,
				3BFF4BA01C99288800B4E4F7 /* FRDemoTests */,
				3BFF4BAB1C99288800B4E4F7 /* FRDemoUITests */,
				3BFF4B851C99288800B4E4F7 /* Products */,
				601092D76A8047E186BE257B /* Pods */,
				94EFACACA708E1E0BDA7EF0C /* Frameworks */,
			);
			sourceTree = "<group>";
		};
		3BFF4B851C99288800B4E4F7 /* Products */ = {
			isa = PBXGroup;
			children = (
				3BFF4B841C99288800B4E4F7 /* FRDemo.app */,
				3BFF4B9D1C99288800B4E4F7 /* FRDemoTests.xctest */,
				3BFF4BA81C99288800B4E4F7 /* FRDemoUITests.xctest */,
			);
			name = Products;
			sourceTree = "<group>";
		};
		3BFF4B861C99288800B4E4F7 /* FRDemo */ = {
			isa = PBXGroup;
			children = (
				3B78C9091D5D9C10004B75A7 /* FRCategory */,
				3B6E99361D54384B0012BDF7 /* FRNavigationController */,
				3B6E993C1D54384B0012BDF7 /* FRTabBarController */,
				3BFF4BCD1C9928B500B4E4F7 /* FRNetworking */,
				3BFF4B8A1C99288800B4E4F7 /* AppDelegate.h */,
				3BFF4B8B1C99288800B4E4F7 /* AppDelegate.m */,
				3BCA98DA1D54AC210081F484 /* Class */,
				3BFF4B901C99288800B4E4F7 /* Main.storyboard */,
				3BFF4B931C99288800B4E4F7 /* Assets.xcassets */,
				3BFF4BD21C9928B500B4E4F7 /* PrefixHeader.pch */,
				3BFF4BD31C9928B500B4E4F7 /* SettingMacro.h */,
				3BFF4B951C99288800B4E4F7 /* LaunchScreen.storyboard */,
				3BFF4B981C99288800B4E4F7 /* Info.plist */,
				3BFF4B871C99288800B4E4F7 /* Supporting Files */,
			);
			path = FRDemo;
			sourceTree = "<group>";
		};
		3BFF4B871C99288800B4E4F7 /* Supporting Files */ = {
			isa = PBXGroup;
			children = (
				3BFF4B881C99288800B4E4F7 /* main.m */,
			);
			name = "Supporting Files";
			sourceTree = "<group>";
		};
		3BFF4BA01C99288800B4E4F7 /* FRDemoTests */ = {
			isa = PBXGroup;
			children = (
				3BFF4BA11C99288800B4E4F7 /* FRDemoTests.m */,
				3BFF4BA31C99288800B4E4F7 /* Info.plist */,
			);
			path = FRDemoTests;
			sourceTree = "<group>";
		};
		3BFF4BAB1C99288800B4E4F7 /* FRDemoUITests */ = {
			isa = PBXGroup;
			children = (
				3BFF4BAC1C99288800B4E4F7 /* FRDemoUITests.m */,
				3BFF4BAE1C99288800B4E4F7 /* Info.plist */,
			);
			path = FRDemoUITests;
			sourceTree = "<group>";
		};
		3BFF4BCD1C9928B500B4E4F7 /* FRNetworking */ = {
			isa = PBXGroup;
			children = (
				3BFF4BCE1C9928B500B4E4F7 /* FRFormData.h */,
				3BFF4BCF1C9928B500B4E4F7 /* FRFormData.m */,
				3BFF4BD01C9928B500B4E4F7 /* FRNetworking.h */,
				3BFF4BD11C9928B500B4E4F7 /* FRNetworking.m */,
			);
			path = FRNetworking;
			sourceTree = "<group>";
		};
		601092D76A8047E186BE257B /* Pods */ = {
			isa = PBXGroup;
			children = (
				39BA607DAD8FC23B432F4006 /* Pods-FRDemo.debug.xcconfig */,
				4E8E1388BFE8A5C8736B9A45 /* Pods-FRDemo.release.xcconfig */,
			);
			name = Pods;
			sourceTree = "<group>";
		};
		94EFACACA708E1E0BDA7EF0C /* Frameworks */ = {
			isa = PBXGroup;
			children = (
				B85375AE1DB9A590CF7F2FB3 /* Pods_FRDemo.framework */,
			);
			name = Frameworks;
			sourceTree = "<group>";
		};
/* End PBXGroup section */

/* Begin PBXNativeTarget section */
		3BFF4B831C99288800B4E4F7 /* FRDemo */ = {
			isa = PBXNativeTarget;
			buildConfigurationList = 3BFF4BB11C99288800B4E4F7 /* Build configuration list for PBXNativeTarget "FRDemo" */;
			buildPhases = (
				D9724E592E625A1EE99F794D /* [CP] Check Pods Manifest.lock */,
				3BFF4B801C99288800B4E4F7 /* Sources */,
				3BFF4B811C99288800B4E4F7 /* Frameworks */,
				3BFF4B821C99288800B4E4F7 /* Resources */,
				11B2A78849FA87E8398163B5 /* [CP] Embed Pods Frameworks */,
				00A5DBB832049BD1D297B76C /* [CP] Copy Pods Resources */,
			);
			buildRules = (
			);
			dependencies = (
			);
			name = FRDemo;
			productName = FRDemo;
			productReference = 3BFF4B841C99288800B4E4F7 /* FRDemo.app */;
			productType = "com.apple.product-type.application";
		};
		3BFF4B9C1C99288800B4E4F7 /* FRDemoTests */ = {
			isa = PBXNativeTarget;
			buildConfigurationList = 3BFF4BB41C99288800B4E4F7 /* Build configuration list for PBXNativeTarget "FRDemoTests" */;
			buildPhases = (
				3BFF4B991C99288800B4E4F7 /* Sources */,
				3BFF4B9A1C99288800B4E4F7 /* Frameworks */,
				3BFF4B9B1C99288800B4E4F7 /* Resources */,
			);
			buildRules = (
			);
			dependencies = (
				3BFF4B9F1C99288800B4E4F7 /* PBXTargetDependency */,
			);
			name = FRDemoTests;
			productName = FRDemoTests;
			productReference = 3BFF4B9D1C99288800B4E4F7 /* FRDemoTests.xctest */;
			productType = "com.apple.product-type.bundle.unit-test";
		};
		3BFF4BA71C99288800B4E4F7 /* FRDemoUITests */ = {
			isa = PBXNativeTarget;
			buildConfigurationList = 3BFF4BB71C99288800B4E4F7 /* Build configuration list for PBXNativeTarget "FRDemoUITests" */;
			buildPhases = (
				3BFF4BA41C99288800B4E4F7 /* Sources */,
				3BFF4BA51C99288800B4E4F7 /* Frameworks */,
				3BFF4BA61C99288800B4E4F7 /* Resources */,
			);
			buildRules = (
			);
			dependencies = (
				3BFF4BAA1C99288800B4E4F7 /* PBXTargetDependency */,
			);
			name = FRDemoUITests;
			productName = FRDemoUITests;
			productReference = 3BFF4BA81C99288800B4E4F7 /* FRDemoUITests.xctest */;
			productType = "com.apple.product-type.bundle.ui-testing";
		};
/* End PBXNativeTarget section */

/* Begin PBXProject section */
		3BFF4B7C1C99288800B4E4F7 /* Project object */ = {
			isa = PBXProject;
			attributes = {
				LastUpgradeCheck = 0720;
				ORGANIZATIONNAME = QuFanrong;
				TargetAttributes = {
					3BFF4B831C99288800B4E4F7 = {
						CreatedOnToolsVersion = 7.2.1;
					};
					3BFF4B9C1C99288800B4E4F7 = {
						CreatedOnToolsVersion = 7.2.1;
						TestTargetID = 3BFF4B831C99288800B4E4F7;
					};
					3BFF4BA71C99288800B4E4F7 = {
						CreatedOnToolsVersion = 7.2.1;
						TestTargetID = 3BFF4B831C99288800B4E4F7;
					};
				};
			};
			buildConfigurationList = 3BFF4B7F1C99288800B4E4F7 /* Build configuration list for PBXProject "FRDemo" */;
			compatibilityVersion = "Xcode 3.2";
			developmentRegion = English;
			hasScannedForEncodings = 0;
			knownRegions = (
				en,
				Base,
			);
			mainGroup = 3BFF4B7B1C99288800B4E4F7;
			productRefGroup = 3BFF4B851C99288800B4E4F7 /* Products */;
			projectDirPath = "";
			projectRoot = "";
			targets = (
				3BFF4B831C99288800B4E4F7 /* FRDemo */,
				3BFF4B9C1C99288800B4E4F7 /* FRDemoTests */,
				3BFF4BA71C99288800B4E4F7 /* FRDemoUITests */,
			);
		};
/* End PBXProject section */

/* Begin PBXResourcesBuildPhase section */
		3BFF4B821C99288800B4E4F7 /* Resources */ = {
			isa = PBXResourcesBuildPhase;
			buildActionMask = 2147483647;
			files = (
				3BFF4B971C99288800B4E4F7 /* LaunchScreen.storyboard in Resources */,
				3B4211B81D5C8DEC00CB263B /* SVProgressHUDViewController.xib in Resources */,
				3B6E99461D54384B0012BDF7 /* navigationbar_back@2x.png in Resources */,
				3BFF4B941C99288800B4E4F7 /* Assets.xcassets in Resources */,
				3BBF0C031D6ED0DA001BDE8A /* MBProgressHUD.bundle in Resources */,
				3BB4F16F1D5C81120066AE69 /* 搜索@2x.png in Resources */,
				3BB4F1701D5C81120066AE69 /* 下拉箭头@2x.png in Resources */,
				3BFF4B921C99288800B4E4F7 /* Main.storyboard in Resources */,
			);
			runOnlyForDeploymentPostprocessing = 0;
		};
		3BFF4B9B1C99288800B4E4F7 /* Resources */ = {
			isa = PBXResourcesBuildPhase;
			buildActionMask = 2147483647;
			files = (
			);
			runOnlyForDeploymentPostprocessing = 0;
		};
		3BFF4BA61C99288800B4E4F7 /* Resources */ = {
			isa = PBXResourcesBuildPhase;
			buildActionMask = 2147483647;
			files = (
			);
			runOnlyForDeploymentPostprocessing = 0;
		};
/* End PBXResourcesBuildPhase section */

/* Begin PBXShellScriptBuildPhase section */
		00A5DBB832049BD1D297B76C /* [CP] Copy Pods Resources */ = {
			isa = PBXShellScriptBuildPhase;
			buildActionMask = 2147483647;
			files = (
			);
			inputPaths = (
			);
			name = "[CP] Copy Pods Resources";
			outputPaths = (
			);
			runOnlyForDeploymentPostprocessing = 0;
			shellPath = /bin/sh;
			shellScript = "\"${SRCROOT}/Pods/Target Support Files/Pods-FRDemo/Pods-FRDemo-resources.sh\"\n";
			showEnvVarsInLog = 0;
		};
		11B2A78849FA87E8398163B5 /* [CP] Embed Pods Frameworks */ = {
			isa = PBXShellScriptBuildPhase;
			buildActionMask = 2147483647;
			files = (
			);
			inputPaths = (
			);
			name = "[CP] Embed Pods Frameworks";
			outputPaths = (
			);
			runOnlyForDeploymentPostprocessing = 0;
			shellPath = /bin/sh;
			shellScript = "\"${SRCROOT}/Pods/Target Support Files/Pods-FRDemo/Pods-FRDemo-frameworks.sh\"\n";
			showEnvVarsInLog = 0;
		};
		D9724E592E625A1EE99F794D /* [CP] Check Pods Manifest.lock */ = {
			isa = PBXShellScriptBuildPhase;
			buildActionMask = 2147483647;
			files = (
			);
			inputPaths = (
			);
			name = "[CP] Check Pods Manifest.lock";
			outputPaths = (
			);
			runOnlyForDeploymentPostprocessing = 0;
			shellPath = /bin/sh;
			shellScript = "diff \"${PODS_ROOT}/../Podfile.lock\" \"${PODS_ROOT}/Manifest.lock\" > /dev/null\nif [[ $? != 0 ]] ; then\n    cat << EOM\nerror: The sandbox is not in sync with the Podfile.lock. Run 'pod install' or update your CocoaPods installation.\nEOM\n    exit 1\nfi\n";
			showEnvVarsInLog = 0;
		};
/* End PBXShellScriptBuildPhase section */

/* Begin PBXSourcesBuildPhase section */
		3BFF4B801C99288800B4E4F7 /* Sources */ = {
			isa = PBXSourcesBuildPhase;
			buildActionMask = 2147483647;
			files = (
				3B78C93A1D5D9C11004B75A7 /* NSArray+Category.m in Sources */,
				3B7577B81D7FA34D00258599 /* AddressBookViewController.m in Sources */,
				3B78C93B1D5D9C11004B75A7 /* NSAttributedString+Category.m in Sources */,
				3B78C9401D5D9C11004B75A7 /* UIBarButtonItem+Category.m in Sources */,
				3B78C93C1D5D9C11004B75A7 /* NSDate+Category.m in Sources */,
				3BFF4BDE1C9928B500B4E4F7 /* FRNetworking.m in Sources */,
				3BFF4BDD1C9928B500B4E4F7 /* FRFormData.m in Sources */,
				3BBF0C041D6ED0DA001BDE8A /* MBProgressHUD.m in Sources */,
				3BBF0C021D6ED0DA001BDE8A /* MBProgressHUD+Category.m in Sources */,
				3B78C9351D5D9C11004B75A7 /* CALayer+Transition.m in Sources */,
				3B78C9461D5D9C11004B75A7 /* UIView+Category.m in Sources */,
				3BB4F1671D5C7F740066AE69 /* AllianceViewController.m in Sources */,
				3B78C9341D5D9C11004B75A7 /* CALayer+Anim.m in Sources */,
				3B6E994A1D54384B0012BDF7 /* FRTabBarController.m in Sources */,
				3BB4F16C1D5C806D0066AE69 /* FRPlist.m in Sources */,
				3B78C93D1D5D9C11004B75A7 /* NSObject+Category.m in Sources */,
				3BB4F1691D5C7F740066AE69 /* PositionBtn.m in Sources */,
				3B78C93E1D5D9C11004B75A7 /* NSString+Category.m in Sources */,
				3B78C9331D5D9C11004B75A7 /* AppDelegate+Category.m in Sources */,
				3B78C9421D5D9C11004B75A7 /* UIFont+Category.m in Sources */,
				3BB4F1681D5C7F740066AE69 /* SearchViewController.m in Sources */,
				3B6E99471D54384B0012BDF7 /* UINavigationController+FDFullscreenPopGesture.m in Sources */,
				3BFF4B8C1C99288800B4E4F7 /* AppDelegate.m in Sources */,
				3B6E99481D54384B0012BDF7 /* FRBadge.m in Sources */,
				3B78C9451D5D9C11004B75A7 /* UIImage+Water.m in Sources */,
				3B78C9361D5D9C11004B75A7 /* GTMBase64.m in Sources */,
				3B78C9441D5D9C11004B75A7 /* UIImage+FixOrientation.m in Sources */,
				3BCA98E11D54AC210081F484 /* RootTableViewController.m in Sources */,
				3B78C9431D5D9C11004B75A7 /* UIImage+Category.m in Sources */,
				3B78C93F1D5D9C11004B75A7 /* NSString+Hash.m in Sources */,
				3B6E994B1D54384B0012BDF7 /* FRTabBarItem.m in Sources */,
				3B6E99491D54384B0012BDF7 /* FRTabBar.m in Sources */,
				3B6E99451D54384B0012BDF7 /* FRNavigationController.m in Sources */,
				3BFF4B891C99288800B4E4F7 /* main.m in Sources */,
				3BCA98E01D54AC210081F484 /* PersonalIconViewController.m in Sources */,
				3B4211B61D5C8DE600CB263B /* SVProgressHUDViewController.m in Sources */,
				3B78C9411D5D9C11004B75A7 /* UIColor+Category.m in Sources */,
			);
			runOnlyForDeploymentPostprocessing = 0;
		};
		3BFF4B991C99288800B4E4F7 /* Sources */ = {
			isa = PBXSourcesBuildPhase;
			buildActionMask = 2147483647;
			files = (
				3BFF4BA21C99288800B4E4F7 /* FRDemoTests.m in Sources */,
			);
			runOnlyForDeploymentPostprocessing = 0;
		};
		3BFF4BA41C99288800B4E4F7 /* Sources */ = {
			isa = PBXSourcesBuildPhase;
			buildActionMask = 2147483647;
			files = (
				3BFF4BAD1C99288800B4E4F7 /* FRDemoUITests.m in Sources */,
			);
			runOnlyForDeploymentPostprocessing = 0;
		};
/* End PBXSourcesBuildPhase section */

/* Begin PBXTargetDependency section */
		3BFF4B9F1C99288800B4E4F7 /* PBXTargetDependency */ = {
			isa = PBXTargetDependency;
			target = 3BFF4B831C99288800B4E4F7 /* FRDemo */;
			targetProxy = 3BFF4B9E1C99288800B4E4F7 /* PBXContainerItemProxy */;
		};
		3BFF4BAA1C99288800B4E4F7 /* PBXTargetDependency */ = {
			isa = PBXTargetDependency;
			target = 3BFF4B831C99288800B4E4F7 /* FRDemo */;
			targetProxy = 3BFF4BA91C99288800B4E4F7 /* PBXContainerItemProxy */;
		};
/* End PBXTargetDependency section */

/* Begin PBXVariantGroup section */
		3BFF4B901C99288800B4E4F7 /* Main.storyboard */ = {
			isa = PBXVariantGroup;
			children = (
				3BFF4B911C99288800B4E4F7 /* Base */,
			);
			name = Main.storyboard;
			sourceTree = "<group>";
		};
		3BFF4B951C99288800B4E4F7 /* LaunchScreen.storyboard */ = {
			isa = PBXVariantGroup;
			children = (
				3BFF4B961C99288800B4E4F7 /* Base */,
			);
			name = LaunchScreen.storyboard;
			sourceTree = "<group>";
		};
/* End PBXVariantGroup section */

/* Begin XCBuildConfiguration section */
		3BFF4BAF1C99288800B4E4F7 /* Debug */ = {
			isa = XCBuildConfiguration;
			buildSettings = {
				ALWAYS_SEARCH_USER_PATHS = NO;
				CLANG_CXX_LANGUAGE_STANDARD = "gnu++0x";
				CLANG_CXX_LIBRARY = "libc++";
				CLANG_ENABLE_MODULES = YES;
				CLANG_ENABLE_OBJC_ARC = YES;
				CLANG_WARN_BOOL_CONVERSION = YES;
				CLANG_WARN_CONSTANT_CONVERSION = YES;
				CLANG_WARN_DIRECT_OBJC_ISA_USAGE = YES_ERROR;
				CLANG_WARN_EMPTY_BODY = YES;
				CLANG_WARN_ENUM_CONVERSION = YES;
				CLANG_WARN_INT_CONVERSION = YES;
				CLANG_WARN_OBJC_ROOT_CLASS = YES_ERROR;
				CLANG_WARN_UNREACHABLE_CODE = YES;
				CLANG_WARN__DUPLICATE_METHOD_MATCH = YES;
				"CODE_SIGN_IDENTITY[sdk=iphoneos*]" = "iPhone Developer";
				COPY_PHASE_STRIP = NO;
				DEBUG_INFORMATION_FORMAT = dwarf;
				ENABLE_STRICT_OBJC_MSGSEND = YES;
				ENABLE_TESTABILITY = YES;
				GCC_C_LANGUAGE_STANDARD = gnu99;
				GCC_DYNAMIC_NO_PIC = NO;
				GCC_NO_COMMON_BLOCKS = YES;
				GCC_OPTIMIZATION_LEVEL = 0;
				GCC_PREPROCESSOR_DEFINITIONS = (
					"DEBUG=1",
					"$(inherited)",
				);
				GCC_WARN_64_TO_32_BIT_CONVERSION = YES;
				GCC_WARN_ABOUT_RETURN_TYPE = YES_ERROR;
				GCC_WARN_UNDECLARED_SELECTOR = YES;
				GCC_WARN_UNINITIALIZED_AUTOS = YES_AGGRESSIVE;
				GCC_WARN_UNUSED_FUNCTION = YES;
				GCC_WARN_UNUSED_VARIABLE = YES;
				IPHONEOS_DEPLOYMENT_TARGET = 9.2;
				MTL_ENABLE_DEBUG_INFO = YES;
				ONLY_ACTIVE_ARCH = YES;
				SDKROOT = iphoneos;
			};
			name = Debug;
		};
		3BFF4BB01C99288800B4E4F7 /* Release */ = {
			isa = XCBuildConfiguration;
			buildSettings = {
				ALWAYS_SEARCH_USER_PATHS = NO;
				CLANG_CXX_LANGUAGE_STANDARD = "gnu++0x";
				CLANG_CXX_LIBRARY = "libc++";
				CLANG_ENABLE_MODULES = YES;
				CLANG_ENABLE_OBJC_ARC = YES;
				CLANG_WARN_BOOL_CONVERSION = YES;
				CLANG_WARN_CONSTANT_CONVERSION = YES;
				CLANG_WARN_DIRECT_OBJC_ISA_USAGE = YES_ERROR;
				CLANG_WARN_EMPTY_BODY = YES;
				CLANG_WARN_ENUM_CONVERSION = YES;
				CLANG_WARN_INT_CONVERSION = YES;
				CLANG_WARN_OBJC_ROOT_CLASS = YES_ERROR;
				CLANG_WARN_UNREACHABLE_CODE = YES;
				CLANG_WARN__DUPLICATE_METHOD_MATCH = YES;
				"CODE_SIGN_IDENTITY[sdk=iphoneos*]" = "iPhone Developer";
				COPY_PHASE_STRIP = NO;
				DEBUG_INFORMATION_FORMAT = "dwarf-with-dsym";
				ENABLE_NS_ASSERTIONS = NO;
				ENABLE_STRICT_OBJC_MSGSEND = YES;
				GCC_C_LANGUAGE_STANDARD = gnu99;
				GCC_NO_COMMON_BLOCKS = YES;
				GCC_WARN_64_TO_32_BIT_CONVERSION = YES;
				GCC_WARN_ABOUT_RETURN_TYPE = YES_ERROR;
				GCC_WARN_UNDECLARED_SELECTOR = YES;
				GCC_WARN_UNINITIALIZED_AUTOS = YES_AGGRESSIVE;
				GCC_WARN_UNUSED_FUNCTION = YES;
				GCC_WARN_UNUSED_VARIABLE = YES;
				IPHONEOS_DEPLOYMENT_TARGET = 9.2;
				MTL_ENABLE_DEBUG_INFO = NO;
				SDKROOT = iphoneos;
				VALIDATE_PRODUCT = YES;
			};
			name = Release;
		};
		3BFF4BB21C99288800B4E4F7 /* Debug */ = {
			isa = XCBuildConfiguration;
			baseConfigurationReference = 39BA607DAD8FC23B432F4006 /* Pods-FRDemo.debug.xcconfig */;
			buildSettings = {
				ASSETCATALOG_COMPILER_APPICON_NAME = AppIcon;
				GCC_PREFIX_HEADER = FRDemo/PrefixHeader.pch;
				INFOPLIST_FILE = FRDemo/Info.plist;
				IPHONEOS_DEPLOYMENT_TARGET = 8.0;
				LD_RUNPATH_SEARCH_PATHS = "$(inherited) @executable_path/Frameworks";
				PRODUCT_BUNDLE_IDENTIFIER = com.sgxt.www.FRDemo;
				PRODUCT_NAME = "$(TARGET_NAME)";
			};
			name = Debug;
		};
		3BFF4BB31C99288800B4E4F7 /* Release */ = {
			isa = XCBuildConfiguration;
			baseConfigurationReference = 4E8E1388BFE8A5C8736B9A45 /* Pods-FRDemo.release.xcconfig */;
			buildSettings = {
				ASSETCATALOG_COMPILER_APPICON_NAME = AppIcon;
				GCC_PREFIX_HEADER = FRDemo/PrefixHeader.pch;
				INFOPLIST_FILE = FRDemo/Info.plist;
				IPHONEOS_DEPLOYMENT_TARGET = 8.0;
				LD_RUNPATH_SEARCH_PATHS = "$(inherited) @executable_path/Frameworks";
				PRODUCT_BUNDLE_IDENTIFIER = com.sgxt.www.FRDemo;
				PRODUCT_NAME = "$(TARGET_NAME)";
			};
			name = Release;
		};
		3BFF4BB51C99288800B4E4F7 /* Debug */ = {
			isa = XCBuildConfiguration;
			buildSettings = {
				BUNDLE_LOADER = "$(TEST_HOST)";
				INFOPLIST_FILE = FRDemoTests/Info.plist;
				LD_RUNPATH_SEARCH_PATHS = "$(inherited) @executable_path/Frameworks @loader_path/Frameworks";
				PRODUCT_BUNDLE_IDENTIFIER = com.sgxt.www.FRDemoTests;
				PRODUCT_NAME = "$(TARGET_NAME)";
				TEST_HOST = "$(BUILT_PRODUCTS_DIR)/FRDemo.app/FRDemo";
			};
			name = Debug;
		};
		3BFF4BB61C99288800B4E4F7 /* Release */ = {
			isa = XCBuildConfiguration;
			buildSettings = {
				BUNDLE_LOADER = "$(TEST_HOST)";
				INFOPLIST_FILE = FRDemoTests/Info.plist;
				LD_RUNPATH_SEARCH_PATHS = "$(inherited) @executable_path/Frameworks @loader_path/Frameworks";
				PRODUCT_BUNDLE_IDENTIFIER = com.sgxt.www.FRDemoTests;
				PRODUCT_NAME = "$(TARGET_NAME)";
				TEST_HOST = "$(BUILT_PRODUCTS_DIR)/FRDemo.app/FRDemo";
			};
			name = Release;
		};
		3BFF4BB81C99288800B4E4F7 /* Debug */ = {
			isa = XCBuildConfiguration;
			buildSettings = {
				INFOPLIST_FILE = FRDemoUITests/Info.plist;
				LD_RUNPATH_SEARCH_PATHS = "$(inherited) @executable_path/Frameworks @loader_path/Frameworks";
				PRODUCT_BUNDLE_IDENTIFIER = com.sgxt.www.FRDemoUITests;
				PRODUCT_NAME = "$(TARGET_NAME)";
				TEST_TARGET_NAME = FRDemo;
				USES_XCTRUNNER = YES;
			};
			name = Debug;
		};
		3BFF4BB91C99288800B4E4F7 /* Release */ = {
			isa = XCBuildConfiguration;
			buildSettings = {
				INFOPLIST_FILE = FRDemoUITests/Info.plist;
				LD_RUNPATH_SEARCH_PATHS = "$(inherited) @executable_path/Frameworks @loader_path/Frameworks";
				PRODUCT_BUNDLE_IDENTIFIER = com.sgxt.www.FRDemoUITests;
				PRODUCT_NAME = "$(TARGET_NAME)";
				TEST_TARGET_NAME = FRDemo;
				USES_XCTRUNNER = YES;
			};
			name = Release;
		};
/* End XCBuildConfiguration section */

/* Begin XCConfigurationList section */
		3BFF4B7F1C99288800B4E4F7 /* Build configuration list for PBXProject "FRDemo" */ = {
			isa = XCConfigurationList;
			buildConfigurations = (
				3BFF4BAF1C99288800B4E4F7 /* Debug */,
				3BFF4BB01C99288800B4E4F7 /* Release */,
			);
			defaultConfigurationIsVisible = 0;
			defaultConfigurationName = Release;
		};
		3BFF4BB11C99288800B4E4F7 /* Build configuration list for PBXNativeTarget "FRDemo" */ = {
			isa = XCConfigurationList;
			buildConfigurations = (
				3BFF4BB21C99288800B4E4F7 /* Debug */,
				3BFF4BB31C99288800B4E4F7 /* Release */,
			);
			defaultConfigurationIsVisible = 0;
			defaultConfigurationName = Release;
		};
		3BFF4BB41C99288800B4E4F7 /* Build configuration list for PBXNativeTarget "FRDemoTests" */ = {
			isa = XCConfigurationList;
			buildConfigurations = (
				3BFF4BB51C99288800B4E4F7 /* Debug */,
				3BFF4BB61C99288800B4E4F7 /* Release */,
			);
			defaultConfigurationIsVisible = 0;
			defaultConfigurationName = Release;
		};
		3BFF4BB71C99288800B4E4F7 /* Build configuration list for PBXNativeTarget "FRDemoUITests" */ = {
			isa = XCConfigurationList;
			buildConfigurations = (
				3BFF4BB81C99288800B4E4F7 /* Debug */,
				3BFF4BB91C99288800B4E4F7 /* Release */,
			);
			defaultConfigurationIsVisible = 0;
			defaultConfigurationName = Release;
		};
/* End XCConfigurationList section */
	};
	rootObject = 3BFF4B7C1C99288800B4E4F7 /* Project object */;
}
